// !$*UTF8*$!
{
	archiveVersion = 1;
	classes = {
	};
	objectVersion = 46;
	objects = {

/* Begin PBXBuildFile section */
		429B5F3F18F7A51B005D1A3C /* POPDCell.m in Sources */ = {isa = PBXBuildFile; fileRef = 429B5F2F18F7A51B005D1A3C /* POPDCell.m */; };
		42BD1E8F19008D5200FC57E5 /* FooterCheckoutCell.xib in Resources */ = {isa = PBXBuildFile; fileRef = 42BD1E8E19008D5200FC57E5 /* FooterCheckoutCell.xib */; };
		42E0470719061DC200890447 /* ShnackMenuViewController.m in Sources */ = {isa = PBXBuildFile; fileRef = 42E0470619061DC200890447 /* ShnackMenuViewController.m */; };
		42E0470A1906607400890447 /* ShnackOrderCategoryCell.m in Sources */ = {isa = PBXBuildFile; fileRef = 42E047091906607400890447 /* ShnackOrderCategoryCell.m */; };
		42E0470D190741F500890447 /* ShnackMyOrderViewController.m in Sources */ = {isa = PBXBuildFile; fileRef = 42E0470C190741F500890447 /* ShnackMyOrderViewController.m */; };
		42E04719190813A800890447 /* POPDTableView.m in Sources */ = {isa = PBXBuildFile; fileRef = 42E04718190813A800890447 /* POPDTableView.m */; };
		42E9611018ED494100E5A182 /* LeftMenuViewController.m in Sources */ = {isa = PBXBuildFile; fileRef = 42E9610818ED494100E5A182 /* LeftMenuViewController.m */; };
		42E9611118ED494100E5A182 /* RightMenuViewController.m in Sources */ = {isa = PBXBuildFile; fileRef = 42E9610A18ED494100E5A182 /* RightMenuViewController.m */; };
		42E9611218ED494100E5A182 /* RootViewController.m in Sources */ = {isa = PBXBuildFile; fileRef = 42E9610C18ED494100E5A182 /* RootViewController.m */; };
		42E9611318ED494100E5A182 /* SecondViewController.m in Sources */ = {isa = PBXBuildFile; fileRef = 42E9610E18ED494100E5A182 /* SecondViewController.m */; };
		42E9611A18F14B2000E5A182 /* RECommonFunctions.m in Sources */ = {isa = PBXBuildFile; fileRef = 42E9611518F14B2000E5A182 /* RECommonFunctions.m */; };
		42E9611B18F14B2000E5A182 /* RESideMenu.m in Sources */ = {isa = PBXBuildFile; fileRef = 42E9611718F14B2000E5A182 /* RESideMenu.m */; };
		42E9611C18F14B2000E5A182 /* UIViewController+RESideMenu.m in Sources */ = {isa = PBXBuildFile; fileRef = 42E9611918F14B2000E5A182 /* UIViewController+RESideMenu.m */; };
		6909335219BAE3B5002CD973 /* menu_32.png in Resources */ = {isa = PBXBuildFile; fileRef = 6909335119BAE3B5002CD973 /* menu_32.png */; };
		690AAB2919989C6300AF3794 /* Dosis-SemiBold.otf in Resources */ = {isa = PBXBuildFile; fileRef = 690AAB2219989C6300AF3794 /* Dosis-SemiBold.otf */; };
		690AAB2A19989C6300AF3794 /* Dosis-Medium.otf in Resources */ = {isa = PBXBuildFile; fileRef = 690AAB2319989C6300AF3794 /* Dosis-Medium.otf */; };
		690AAB2B19989C6300AF3794 /* Dosis-Regular.otf in Resources */ = {isa = PBXBuildFile; fileRef = 690AAB2419989C6300AF3794 /* Dosis-Regular.otf */; };
		690AAB2C19989C6300AF3794 /* Dosis-ExtraLight.otf in Resources */ = {isa = PBXBuildFile; fileRef = 690AAB2519989C6300AF3794 /* Dosis-ExtraLight.otf */; };
		690AAB2D19989C6300AF3794 /* Dosis-Light.otf in Resources */ = {isa = PBXBuildFile; fileRef = 690AAB2619989C6300AF3794 /* Dosis-Light.otf */; };
		690AAB2E19989C6300AF3794 /* Dosis-Bold.otf in Resources */ = {isa = PBXBuildFile; fileRef = 690AAB2719989C6300AF3794 /* Dosis-Bold.otf */; };
		690AAB2F19989C6300AF3794 /* Dosis-ExtraBold.otf in Resources */ = {isa = PBXBuildFile; fileRef = 690AAB2819989C6300AF3794 /* Dosis-ExtraBold.otf */; };
		690AE029190D76EC0053461B /* Check_mark .png in Resources */ = {isa = PBXBuildFile; fileRef = 690AE028190D76EC0053461B /* Check_mark .png */; };
		691E66DB18F3D5C200F67683 /* TutorialContentViewController.m in Sources */ = {isa = PBXBuildFile; fileRef = 691E66DA18F3D5C200F67683 /* TutorialContentViewController.m */; };
		691E66DE18F3DAD900F67683 /* InitialViewController.m in Sources */ = {isa = PBXBuildFile; fileRef = 691E66DD18F3DAD900F67683 /* InitialViewController.m */; };
		691E66E018F3E2FB00F67683 /* paperplane.svg in Resources */ = {isa = PBXBuildFile; fileRef = 691E66DF18F3E2FB00F67683 /* paperplane.svg */; };
		69242D0A1996858D0067DFA5 /* CartPopViewController.m in Sources */ = {isa = PBXBuildFile; fileRef = 69242D081996858D0067DFA5 /* CartPopViewController.m */; };
		69242D0B1996858D0067DFA5 /* CartPopViewController.xib in Resources */ = {isa = PBXBuildFile; fileRef = 69242D091996858D0067DFA5 /* CartPopViewController.xib */; };
		69393754191F13E00061839C /* MainPageViewController.m in Sources */ = {isa = PBXBuildFile; fileRef = 69393753191F13E00061839C /* MainPageViewController.m */; };
		693A942119B60C7A0069A2D4 /* ShnackNavController.m in Sources */ = {isa = PBXBuildFile; fileRef = 693A942019B60C7A0069A2D4 /* ShnackNavController.m */; };
		69400FB518BBE68000238826 /* Item.m in Sources */ = {isa = PBXBuildFile; fileRef = 69400FB418BBE68000238826 /* Item.m */; };
		69400FBB18BBE6C000238826 /* ShnackOrderTotalCell.m in Sources */ = {isa = PBXBuildFile; fileRef = 69400FB818BBE6C000238826 /* ShnackOrderTotalCell.m */; };
		69400FBC18BBE6C000238826 /* ShnackOrderItemCell.m in Sources */ = {isa = PBXBuildFile; fileRef = 69400FBA18BBE6C000238826 /* ShnackOrderItemCell.m */; };
		69400FBF18BBEBC400238826 /* ObjectWithNameAndID.m in Sources */ = {isa = PBXBuildFile; fileRef = 69400FBE18BBEBC400238826 /* ObjectWithNameAndID.m */; };
		6953817C191423E900DD91A2 /* app_logo.png in Resources */ = {isa = PBXBuildFile; fileRef = 6953817B191423E900DD91A2 /* app_logo.png */; };
		6953817E191429AF00DD91A2 /* launch_image.png in Resources */ = {isa = PBXBuildFile; fileRef = 6953817D191429AF00DD91A2 /* launch_image.png */; };
		695E27C3197E195B00B0CA2D /* SignUpProfileViewController.m in Sources */ = {isa = PBXBuildFile; fileRef = 695E27C2197E195B00B0CA2D /* SignUpProfileViewController.m */; };
		695E27C6197E19A000B0CA2D /* ProfileContainerViewController.m in Sources */ = {isa = PBXBuildFile; fileRef = 695E27C5197E19A000B0CA2D /* ProfileContainerViewController.m */; };
		695E27CA197E2A3200B0CA2D /* DismissSegue.m in Sources */ = {isa = PBXBuildFile; fileRef = 695E27C9197E2A3200B0CA2D /* DismissSegue.m */; };
		695E27CD197E325700B0CA2D /* SignUpNavController.m in Sources */ = {isa = PBXBuildFile; fileRef = 695E27CC197E325700B0CA2D /* SignUpNavController.m */; };
		695E27D0197E3CBD00B0CA2D /* SignUpPaymentInfoViewController.m in Sources */ = {isa = PBXBuildFile; fileRef = 695E27CF197E3CBD00B0CA2D /* SignUpPaymentInfoViewController.m */; };
		6960ABCB191B21CE001DAF8E /* upArrow.png in Resources */ = {isa = PBXBuildFile; fileRef = 6960ABCA191B21CE001DAF8E /* upArrow.png */; };
		6963E21B190846FA00C6885A /* SignUpViewController.m in Sources */ = {isa = PBXBuildFile; fileRef = 6963E21A190846FA00C6885A /* SignUpViewController.m */; };
		6963E21E1908472800C6885A /* LoginViewController.m in Sources */ = {isa = PBXBuildFile; fileRef = 6963E21D1908472800C6885A /* LoginViewController.m */; };
		6963E22C1908481800C6885A /* Contents.json in Resources */ = {isa = PBXBuildFile; fileRef = 6963E2201908481800C6885A /* Contents.json */; };
		6963E22D1908481800C6885A /* StartBarBackground1X.png in Resources */ = {isa = PBXBuildFile; fileRef = 6963E2211908481800C6885A /* StartBarBackground1X.png */; };
		6963E22E1908481800C6885A /* StartBarBackground2X.png in Resources */ = {isa = PBXBuildFile; fileRef = 6963E2221908481800C6885A /* StartBarBackground2X.png */; };
		6963E22F1908481800C6885A /* Contents.json in Resources */ = {isa = PBXBuildFile; fileRef = 6963E2241908481800C6885A /* Contents.json */; };
		6963E2301908481800C6885A /* Walkthrough1.png in Resources */ = {isa = PBXBuildFile; fileRef = 6963E2251908481800C6885A /* Walkthrough1.png */; };
		6963E2311908481800C6885A /* Contents.json in Resources */ = {isa = PBXBuildFile; fileRef = 6963E2271908481800C6885A /* Contents.json */; };
		6963E2321908481800C6885A /* Walkthrough2.png in Resources */ = {isa = PBXBuildFile; fileRef = 6963E2281908481800C6885A /* Walkthrough2.png */; };
		6963E2331908481800C6885A /* Contents.json in Resources */ = {isa = PBXBuildFile; fileRef = 6963E22A1908481800C6885A /* Contents.json */; };
		6963E2341908481800C6885A /* Walkthrough3.png in Resources */ = {isa = PBXBuildFile; fileRef = 6963E22B1908481800C6885A /* Walkthrough3.png */; };
		6963E23619085F2700C6885A /* stadium.jpeg in Resources */ = {isa = PBXBuildFile; fileRef = 6963E23519085F2700C6885A /* stadium.jpeg */; };
		696A45601983338F0080CB57 /* ReceiptViewController.m in Sources */ = {isa = PBXBuildFile; fileRef = 696A455F1983338F0080CB57 /* ReceiptViewController.m */; };
		69715B1B18AD39560039D061 /* Foundation.framework in Frameworks */ = {isa = PBXBuildFile; fileRef = 69715B1A18AD39560039D061 /* Foundation.framework */; };
		69715B1D18AD39560039D061 /* CoreGraphics.framework in Frameworks */ = {isa = PBXBuildFile; fileRef = 69715B1C18AD39560039D061 /* CoreGraphics.framework */; };
		69715B1F18AD39560039D061 /* UIKit.framework in Frameworks */ = {isa = PBXBuildFile; fileRef = 69715B1E18AD39560039D061 /* UIKit.framework */; };
		69715B2118AD39560039D061 /* CoreData.framework in Frameworks */ = {isa = PBXBuildFile; fileRef = 69715B2018AD39560039D061 /* CoreData.framework */; };
		69715B2718AD39560039D061 /* InfoPlist.strings in Resources */ = {isa = PBXBuildFile; fileRef = 69715B2518AD39560039D061 /* InfoPlist.strings */; };
		69715B2918AD39560039D061 /* main.m in Sources */ = {isa = PBXBuildFile; fileRef = 69715B2818AD39560039D061 /* main.m */; };
		69715B2D18AD39560039D061 /* AppDelegate.m in Sources */ = {isa = PBXBuildFile; fileRef = 69715B2C18AD39560039D061 /* AppDelegate.m */; };
		69715B3018AD39560039D061 /* Main.storyboard in Resources */ = {isa = PBXBuildFile; fileRef = 69715B2E18AD39560039D061 /* Main.storyboard */; };
		69715B3318AD39560039D061 /* Mobile.xcdatamodeld in Sources */ = {isa = PBXBuildFile; fileRef = 69715B3118AD39560039D061 /* Mobile.xcdatamodeld */; };
		69715B3618AD39560039D061 /* LocationsViewController.m in Sources */ = {isa = PBXBuildFile; fileRef = 69715B3518AD39560039D061 /* LocationsViewController.m */; };
		69715B3B18AD39560039D061 /* Images.xcassets in Resources */ = {isa = PBXBuildFile; fileRef = 69715B3A18AD39560039D061 /* Images.xcassets */; };
		69715B4218AD39570039D061 /* XCTest.framework in Frameworks */ = {isa = PBXBuildFile; fileRef = 69715B4118AD39570039D061 /* XCTest.framework */; };
		69715B4318AD39570039D061 /* Foundation.framework in Frameworks */ = {isa = PBXBuildFile; fileRef = 69715B1A18AD39560039D061 /* Foundation.framework */; };
		69715B4418AD39570039D061 /* UIKit.framework in Frameworks */ = {isa = PBXBuildFile; fileRef = 69715B1E18AD39560039D061 /* UIKit.framework */; };
		69715B4518AD39570039D061 /* CoreData.framework in Frameworks */ = {isa = PBXBuildFile; fileRef = 69715B2018AD39560039D061 /* CoreData.framework */; };
		69715B4D18AD39570039D061 /* InfoPlist.strings in Resources */ = {isa = PBXBuildFile; fileRef = 69715B4B18AD39570039D061 /* InfoPlist.strings */; };
		69715B4F18AD39570039D061 /* MobileTests.m in Sources */ = {isa = PBXBuildFile; fileRef = 69715B4E18AD39570039D061 /* MobileTests.m */; };
		69715B5A18AD3CB30039D061 /* NSConnectionDelegate.m in Sources */ = {isa = PBXBuildFile; fileRef = 69715B5918AD3CB30039D061 /* NSConnectionDelegate.m */; };
		6977B4B718FD044E00A51871 /* POPDTableViewController.m in Sources */ = {isa = PBXBuildFile; fileRef = 6977B4B618FD044E00A51871 /* POPDTableViewController.m */; };
		698B41B519098E4A00B532C2 /* logoSmall.png in Resources */ = {isa = PBXBuildFile; fileRef = 698B41B419098E4A00B532C2 /* logoSmall.png */; };
		69924C0519790B0B0024E683 /* Screen Shot 2014-06-27 at 4.18.55 PM.jpg in Resources */ = {isa = PBXBuildFile; fileRef = 69924C0419790B0B0024E683 /* Screen Shot 2014-06-27 at 4.18.55 PM.jpg */; };
		6999CD541908BC04009BD628 /* libPods.a in Frameworks */ = {isa = PBXBuildFile; fileRef = 6999CD531908BC04009BD628 /* libPods.a */; };
		6999CD561908E37F009BD628 /* Damion-Regular.ttf in Resources */ = {isa = PBXBuildFile; fileRef = 6999CD551908E37F009BD628 /* Damion-Regular.ttf */; };
		6999CD581908E398009BD628 /* PoiretOne-Regular.ttf in Resources */ = {isa = PBXBuildFile; fileRef = 6999CD571908E398009BD628 /* PoiretOne-Regular.ttf */; };
		69D7537C1995D19900CAD378 /* red_background.png in Resources */ = {isa = PBXBuildFile; fileRef = 69D7537B1995D19900CAD378 /* red_background.png */; };
		69D753821995D8EF00CAD378 /* UIViewController+CWPopup.m in Sources */ = {isa = PBXBuildFile; fileRef = 69D753811995D8EF00CAD378 /* UIViewController+CWPopup.m */; };
		69E0F09318BC5977008C1543 /* logo.png in Resources */ = {isa = PBXBuildFile; fileRef = 69E0F09218BC5977008C1543 /* logo.png */; };
		69F3199819368DC400C501D5 /* LoginContainerViewController.m in Sources */ = {isa = PBXBuildFile; fileRef = 69F3199719368DC400C501D5 /* LoginContainerViewController.m */; };
		69F3199C1936A3BB00C501D5 /* navBar.png in Resources */ = {isa = PBXBuildFile; fileRef = 69F3199B1936A3BB00C501D5 /* navBar.png */; };
		69F73C261973BAAF00361426 /* SignUpContainerViewController.m in Sources */ = {isa = PBXBuildFile; fileRef = 69F73C251973BAAF00361426 /* SignUpContainerViewController.m */; };
		69F95CFE18F200B30011F5DB /* STPCard.m in Sources */ = {isa = PBXBuildFile; fileRef = 69F95CC818F200B30011F5DB /* STPCard.m */; };
		69F95CFF18F200B30011F5DB /* STPToken.m in Sources */ = {isa = PBXBuildFile; fileRef = 69F95CCA18F200B30011F5DB /* STPToken.m */; };
		69F95D0018F200B30011F5DB /* STPView.m in Sources */ = {isa = PBXBuildFile; fileRef = 69F95CCC18F200B30011F5DB /* STPView.m */; };
		69F95D0118F200B30011F5DB /* Stripe.m in Sources */ = {isa = PBXBuildFile; fileRef = 69F95CCF18F200B30011F5DB /* Stripe.m */; };
		69F95D0218F200B30011F5DB /* StripeError.m in Sources */ = {isa = PBXBuildFile; fileRef = 69F95CD118F200B30011F5DB /* StripeError.m */; };
		69F95D0318F200B30011F5DB /* PKAddressZip.m in Sources */ = {isa = PBXBuildFile; fileRef = 69F95CD518F200B30011F5DB /* PKAddressZip.m */; };
		69F95D0418F200B30011F5DB /* PKCard.m in Sources */ = {isa = PBXBuildFile; fileRef = 69F95CD718F200B30011F5DB /* PKCard.m */; };
		69F95D0518F200B30011F5DB /* PKCardCVC.m in Sources */ = {isa = PBXBuildFile; fileRef = 69F95CD918F200B30011F5DB /* PKCardCVC.m */; };
		69F95D0618F200B30011F5DB /* PKCardExpiry.m in Sources */ = {isa = PBXBuildFile; fileRef = 69F95CDB18F200B30011F5DB /* PKCardExpiry.m */; };
		69F95D0718F200B30011F5DB /* PKCardNumber.m in Sources */ = {isa = PBXBuildFile; fileRef = 69F95CDD18F200B30011F5DB /* PKCardNumber.m */; };
		69F95D0818F200B30011F5DB /* PKComponent.m in Sources */ = {isa = PBXBuildFile; fileRef = 69F95CE018F200B30011F5DB /* PKComponent.m */; };
		69F95D0918F200B30011F5DB /* PKTextField.m in Sources */ = {isa = PBXBuildFile; fileRef = 69F95CE218F200B30011F5DB /* PKTextField.m */; };
		69F95D0A18F200B30011F5DB /* PKUSAddressZip.m in Sources */ = {isa = PBXBuildFile; fileRef = 69F95CE418F200B30011F5DB /* PKUSAddressZip.m */; };
		69F95D0B18F200B30011F5DB /* PKView.m in Sources */ = {isa = PBXBuildFile; fileRef = 69F95CE618F200B30011F5DB /* PKView.m */; };
		69F95D0C18F200B30011F5DB /* amex.png in Resources */ = {isa = PBXBuildFile; fileRef = 69F95CE918F200B30011F5DB /* amex.png */; };
		69F95D0D18F200B30011F5DB /* amex@2x.png in Resources */ = {isa = PBXBuildFile; fileRef = 69F95CEA18F200B30011F5DB /* amex@2x.png */; };
		69F95D0E18F200B30011F5DB /* cvc-amex.png in Resources */ = {isa = PBXBuildFile; fileRef = 69F95CEB18F200B30011F5DB /* cvc-amex.png */; };
		69F95D0F18F200B30011F5DB /* cvc-amex@2x.png in Resources */ = {isa = PBXBuildFile; fileRef = 69F95CEC18F200B30011F5DB /* cvc-amex@2x.png */; };
		69F95D1018F200B30011F5DB /* cvc.png in Resources */ = {isa = PBXBuildFile; fileRef = 69F95CED18F200B30011F5DB /* cvc.png */; };
		69F95D1118F200B30011F5DB /* cvc@2x.png in Resources */ = {isa = PBXBuildFile; fileRef = 69F95CEE18F200B30011F5DB /* cvc@2x.png */; };
		69F95D1218F200B30011F5DB /* diners.png in Resources */ = {isa = PBXBuildFile; fileRef = 69F95CEF18F200B30011F5DB /* diners.png */; };
		69F95D1318F200B30011F5DB /* diners@2x.png in Resources */ = {isa = PBXBuildFile; fileRef = 69F95CF018F200B30011F5DB /* diners@2x.png */; };
		69F95D1418F200B30011F5DB /* discover.png in Resources */ = {isa = PBXBuildFile; fileRef = 69F95CF118F200B30011F5DB /* discover.png */; };
		69F95D1518F200B30011F5DB /* discover@2x.png in Resources */ = {isa = PBXBuildFile; fileRef = 69F95CF218F200B30011F5DB /* discover@2x.png */; };
		69F95D1618F200B30011F5DB /* jcb.png in Resources */ = {isa = PBXBuildFile; fileRef = 69F95CF318F200B30011F5DB /* jcb.png */; };
		69F95D1718F200B30011F5DB /* jcb@2x.png in Resources */ = {isa = PBXBuildFile; fileRef = 69F95CF418F200B30011F5DB /* jcb@2x.png */; };
		69F95D1818F200B30011F5DB /* mastercard.png in Resources */ = {isa = PBXBuildFile; fileRef = 69F95CF518F200B30011F5DB /* mastercard.png */; };
		69F95D1918F200B30011F5DB /* mastercard@2x.png in Resources */ = {isa = PBXBuildFile; fileRef = 69F95CF618F200B30011F5DB /* mastercard@2x.png */; };
		69F95D1A18F200B30011F5DB /* placeholder.png in Resources */ = {isa = PBXBuildFile; fileRef = 69F95CF718F200B30011F5DB /* placeholder.png */; };
		69F95D1B18F200B30011F5DB /* placeholder@2x.png in Resources */ = {isa = PBXBuildFile; fileRef = 69F95CF818F200B30011F5DB /* placeholder@2x.png */; };
		69F95D1C18F200B30011F5DB /* visa.png in Resources */ = {isa = PBXBuildFile; fileRef = 69F95CF918F200B30011F5DB /* visa.png */; };
		69F95D1D18F200B30011F5DB /* visa@2x.png in Resources */ = {isa = PBXBuildFile; fileRef = 69F95CFA18F200B30011F5DB /* visa@2x.png */; };
		69F95D1E18F200B30011F5DB /* gradient@2x.png in Resources */ = {isa = PBXBuildFile; fileRef = 69F95CFB18F200B30011F5DB /* gradient@2x.png */; };
		69F95D1F18F200B30011F5DB /* textfield.png in Resources */ = {isa = PBXBuildFile; fileRef = 69F95CFC18F200B30011F5DB /* textfield.png */; };
		69F95D2018F200B30011F5DB /* textfield@2x.png in Resources */ = {isa = PBXBuildFile; fileRef = 69F95CFD18F200B30011F5DB /* textfield@2x.png */; };
		69F95D2718F2184B0011F5DB /* MBProgressHUD.m in Sources */ = {isa = PBXBuildFile; fileRef = 69F95D2618F2184B0011F5DB /* MBProgressHUD.m */; };
		69FF4C8A19B57FFB0032A0BE /* SideMenuViewController.m in Sources */ = {isa = PBXBuildFile; fileRef = 69FF4C8919B57FFB0032A0BE /* SideMenuViewController.m */; };
/* End PBXBuildFile section */

/* Begin PBXContainerItemProxy section */
		69715B4618AD39570039D061 /* PBXContainerItemProxy */ = {
			isa = PBXContainerItemProxy;
			containerPortal = 69715B0F18AD39560039D061 /* Project object */;
			proxyType = 1;
			remoteGlobalIDString = 69715B1618AD39560039D061;
			remoteInfo = Mobile;
		};
		6999CD4E1908BBB2009BD628 /* PBXContainerItemProxy */ = {
			isa = PBXContainerItemProxy;
			containerPortal = 6999CD491908BBB2009BD628 /* Pods.xcodeproj */;
			proxyType = 2;
			remoteGlobalIDString = 787ECEEE32884BB6ABD21D8C;
			remoteInfo = Pods;
		};
		6999CD501908BBB2009BD628 /* PBXContainerItemProxy */ = {
			isa = PBXContainerItemProxy;
			containerPortal = 6999CD491908BBB2009BD628 /* Pods.xcodeproj */;
			proxyType = 2;
			remoteGlobalIDString = B2EF13E34A7A4279B2173FAA;
			remoteInfo = "Pods-BButton";
		};
/* End PBXContainerItemProxy section */

/* Begin PBXFileReference section */
		429B5F2E18F7A51B005D1A3C /* POPDCell.h */ = {isa = PBXFileReference; fileEncoding = 4; lastKnownFileType = sourcecode.c.h; name = POPDCell.h; path = ../POPDCell.h; sourceTree = "<group>"; };
		429B5F2F18F7A51B005D1A3C /* POPDCell.m */ = {isa = PBXFileReference; fileEncoding = 4; lastKnownFileType = sourcecode.c.objc; name = POPDCell.m; path = ../POPDCell.m; sourceTree = "<group>"; };
		42BD1E8E19008D5200FC57E5 /* FooterCheckoutCell.xib */ = {isa = PBXFileReference; fileEncoding = 4; lastKnownFileType = file.xib; path = FooterCheckoutCell.xib; sourceTree = "<group>"; };
		42E0470519061DC200890447 /* ShnackMenuViewController.h */ = {isa = PBXFileReference; fileEncoding = 4; lastKnownFileType = sourcecode.c.h; name = ShnackMenuViewController.h; path = Mobile/ShnackMenuViewController.h; sourceTree = "<group>"; };
		42E0470619061DC200890447 /* ShnackMenuViewController.m */ = {isa = PBXFileReference; fileEncoding = 4; lastKnownFileType = sourcecode.c.objc; name = ShnackMenuViewController.m; path = Mobile/ShnackMenuViewController.m; sourceTree = "<group>"; };
		42E047081906607400890447 /* ShnackOrderCategoryCell.h */ = {isa = PBXFileReference; fileEncoding = 4; lastKnownFileType = sourcecode.c.h; path = ShnackOrderCategoryCell.h; sourceTree = "<group>"; };
		42E047091906607400890447 /* ShnackOrderCategoryCell.m */ = {isa = PBXFileReference; fileEncoding = 4; lastKnownFileType = sourcecode.c.objc; path = ShnackOrderCategoryCell.m; sourceTree = "<group>"; };
		42E0470B190741F500890447 /* ShnackMyOrderViewController.h */ = {isa = PBXFileReference; fileEncoding = 4; lastKnownFileType = sourcecode.c.h; name = ShnackMyOrderViewController.h; path = Mobile/ShnackMyOrderViewController.h; sourceTree = "<group>"; };
		42E0470C190741F500890447 /* ShnackMyOrderViewController.m */ = {isa = PBXFileReference; fileEncoding = 4; lastKnownFileType = sourcecode.c.objc; name = ShnackMyOrderViewController.m; path = Mobile/ShnackMyOrderViewController.m; sourceTree = "<group>"; };
		42E04717190813A800890447 /* POPDTableView.h */ = {isa = PBXFileReference; fileEncoding = 4; lastKnownFileType = sourcecode.c.h; path = POPDTableView.h; sourceTree = "<group>"; };
		42E04718190813A800890447 /* POPDTableView.m */ = {isa = PBXFileReference; fileEncoding = 4; lastKnownFileType = sourcecode.c.objc; path = POPDTableView.m; sourceTree = "<group>"; };
		42E9610718ED494100E5A182 /* LeftMenuViewController.h */ = {isa = PBXFileReference; fileEncoding = 4; lastKnownFileType = sourcecode.c.h; name = LeftMenuViewController.h; path = Mobile/LeftMenuViewController.h; sourceTree = "<group>"; };
		42E9610818ED494100E5A182 /* LeftMenuViewController.m */ = {isa = PBXFileReference; fileEncoding = 4; lastKnownFileType = sourcecode.c.objc; name = LeftMenuViewController.m; path = Mobile/LeftMenuViewController.m; sourceTree = "<group>"; };
		42E9610918ED494100E5A182 /* RightMenuViewController.h */ = {isa = PBXFileReference; fileEncoding = 4; lastKnownFileType = sourcecode.c.h; name = RightMenuViewController.h; path = Mobile/RightMenuViewController.h; sourceTree = "<group>"; };
		42E9610A18ED494100E5A182 /* RightMenuViewController.m */ = {isa = PBXFileReference; fileEncoding = 4; lastKnownFileType = sourcecode.c.objc; name = RightMenuViewController.m; path = Mobile/RightMenuViewController.m; sourceTree = "<group>"; };
		42E9610B18ED494100E5A182 /* RootViewController.h */ = {isa = PBXFileReference; fileEncoding = 4; lastKnownFileType = sourcecode.c.h; name = RootViewController.h; path = Mobile/RootViewController.h; sourceTree = "<group>"; };
		42E9610C18ED494100E5A182 /* RootViewController.m */ = {isa = PBXFileReference; fileEncoding = 4; lastKnownFileType = sourcecode.c.objc; name = RootViewController.m; path = Mobile/RootViewController.m; sourceTree = "<group>"; };
		42E9610D18ED494100E5A182 /* SecondViewController.h */ = {isa = PBXFileReference; fileEncoding = 4; lastKnownFileType = sourcecode.c.h; name = SecondViewController.h; path = Mobile/SecondViewController.h; sourceTree = "<group>"; };
		42E9610E18ED494100E5A182 /* SecondViewController.m */ = {isa = PBXFileReference; fileEncoding = 4; lastKnownFileType = sourcecode.c.objc; name = SecondViewController.m; path = Mobile/SecondViewController.m; sourceTree = "<group>"; };
		42E9611418F14B2000E5A182 /* RECommonFunctions.h */ = {isa = PBXFileReference; fileEncoding = 4; lastKnownFileType = sourcecode.c.h; name = RECommonFunctions.h; path = Mobile/RECommonFunctions.h; sourceTree = SOURCE_ROOT; };
		42E9611518F14B2000E5A182 /* RECommonFunctions.m */ = {isa = PBXFileReference; fileEncoding = 4; lastKnownFileType = sourcecode.c.objc; name = RECommonFunctions.m; path = Mobile/RECommonFunctions.m; sourceTree = SOURCE_ROOT; };
		42E9611618F14B2000E5A182 /* RESideMenu.h */ = {isa = PBXFileReference; fileEncoding = 4; lastKnownFileType = sourcecode.c.h; name = RESideMenu.h; path = Mobile/RESideMenu.h; sourceTree = SOURCE_ROOT; };
		42E9611718F14B2000E5A182 /* RESideMenu.m */ = {isa = PBXFileReference; fileEncoding = 4; lastKnownFileType = sourcecode.c.objc; name = RESideMenu.m; path = Mobile/RESideMenu.m; sourceTree = SOURCE_ROOT; };
		42E9611818F14B2000E5A182 /* UIViewController+RESideMenu.h */ = {isa = PBXFileReference; fileEncoding = 4; lastKnownFileType = sourcecode.c.h; name = "UIViewController+RESideMenu.h"; path = "Mobile/UIViewController+RESideMenu.h"; sourceTree = SOURCE_ROOT; };
		42E9611918F14B2000E5A182 /* UIViewController+RESideMenu.m */ = {isa = PBXFileReference; fileEncoding = 4; lastKnownFileType = sourcecode.c.objc; name = "UIViewController+RESideMenu.m"; path = "Mobile/UIViewController+RESideMenu.m"; sourceTree = SOURCE_ROOT; };
		6909335119BAE3B5002CD973 /* menu_32.png */ = {isa = PBXFileReference; lastKnownFileType = image.png; name = menu_32.png; path = ../menu_32.png; sourceTree = "<group>"; };
		690AAB2219989C6300AF3794 /* Dosis-SemiBold.otf */ = {isa = PBXFileReference; lastKnownFileType = file; name = "Dosis-SemiBold.otf"; path = "../Dosis-SemiBold.otf"; sourceTree = "<group>"; };
		690AAB2319989C6300AF3794 /* Dosis-Medium.otf */ = {isa = PBXFileReference; lastKnownFileType = file; name = "Dosis-Medium.otf"; path = "../Dosis-Medium.otf"; sourceTree = "<group>"; };
		690AAB2419989C6300AF3794 /* Dosis-Regular.otf */ = {isa = PBXFileReference; lastKnownFileType = file; name = "Dosis-Regular.otf"; path = "../Dosis-Regular.otf"; sourceTree = "<group>"; };
		690AAB2519989C6300AF3794 /* Dosis-ExtraLight.otf */ = {isa = PBXFileReference; lastKnownFileType = file; name = "Dosis-ExtraLight.otf"; path = "../Dosis-ExtraLight.otf"; sourceTree = "<group>"; };
		690AAB2619989C6300AF3794 /* Dosis-Light.otf */ = {isa = PBXFileReference; lastKnownFileType = file; name = "Dosis-Light.otf"; path = "../Dosis-Light.otf"; sourceTree = "<group>"; };
		690AAB2719989C6300AF3794 /* Dosis-Bold.otf */ = {isa = PBXFileReference; lastKnownFileType = file; name = "Dosis-Bold.otf"; path = "../Dosis-Bold.otf"; sourceTree = "<group>"; };
		690AAB2819989C6300AF3794 /* Dosis-ExtraBold.otf */ = {isa = PBXFileReference; lastKnownFileType = file; name = "Dosis-ExtraBold.otf"; path = "../Dosis-ExtraBold.otf"; sourceTree = "<group>"; };
		690AE028190D76EC0053461B /* Check_mark .png */ = {isa = PBXFileReference; lastKnownFileType = image.png; path = "Check_mark .png"; sourceTree = "<group>"; };
		691E66D918F3D5C200F67683 /* TutorialContentViewController.h */ = {isa = PBXFileReference; fileEncoding = 4; lastKnownFileType = sourcecode.c.h; name = TutorialContentViewController.h; path = Mobile/TutorialContentViewController.h; sourceTree = "<group>"; };
		691E66DA18F3D5C200F67683 /* TutorialContentViewController.m */ = {isa = PBXFileReference; fileEncoding = 4; lastKnownFileType = sourcecode.c.objc; name = TutorialContentViewController.m; path = Mobile/TutorialContentViewController.m; sourceTree = "<group>"; };
		691E66DC18F3DAD900F67683 /* InitialViewController.h */ = {isa = PBXFileReference; fileEncoding = 4; lastKnownFileType = sourcecode.c.h; name = InitialViewController.h; path = Mobile/InitialViewController.h; sourceTree = "<group>"; };
		691E66DD18F3DAD900F67683 /* InitialViewController.m */ = {isa = PBXFileReference; fileEncoding = 4; lastKnownFileType = sourcecode.c.objc; name = InitialViewController.m; path = Mobile/InitialViewController.m; sourceTree = "<group>"; };
		691E66DF18F3E2FB00F67683 /* paperplane.svg */ = {isa = PBXFileReference; fileEncoding = 4; lastKnownFileType = text.xml; path = paperplane.svg; sourceTree = "<group>"; };
		69242D071996858D0067DFA5 /* CartPopViewController.h */ = {isa = PBXFileReference; fileEncoding = 4; lastKnownFileType = sourcecode.c.h; path = CartPopViewController.h; sourceTree = "<group>"; };
		69242D081996858D0067DFA5 /* CartPopViewController.m */ = {isa = PBXFileReference; fileEncoding = 4; lastKnownFileType = sourcecode.c.objc; path = CartPopViewController.m; sourceTree = "<group>"; };
		69242D091996858D0067DFA5 /* CartPopViewController.xib */ = {isa = PBXFileReference; fileEncoding = 4; lastKnownFileType = file.xib; path = CartPopViewController.xib; sourceTree = "<group>"; };
		69393752191F13E00061839C /* MainPageViewController.h */ = {isa = PBXFileReference; fileEncoding = 4; lastKnownFileType = sourcecode.c.h; name = MainPageViewController.h; path = Mobile/MainPageViewController.h; sourceTree = "<group>"; };
		69393753191F13E00061839C /* MainPageViewController.m */ = {isa = PBXFileReference; fileEncoding = 4; lastKnownFileType = sourcecode.c.objc; name = MainPageViewController.m; path = Mobile/MainPageViewController.m; sourceTree = "<group>"; };
		693A941F19B60C7A0069A2D4 /* ShnackNavController.h */ = {isa = PBXFileReference; fileEncoding = 4; lastKnownFileType = sourcecode.c.h; path = ShnackNavController.h; sourceTree = "<group>"; };
		693A942019B60C7A0069A2D4 /* ShnackNavController.m */ = {isa = PBXFileReference; fileEncoding = 4; lastKnownFileType = sourcecode.c.objc; path = ShnackNavController.m; sourceTree = "<group>"; };
		69400FB318BBE68000238826 /* Item.h */ = {isa = PBXFileReference; fileEncoding = 4; lastKnownFileType = sourcecode.c.h; path = Item.h; sourceTree = "<group>"; };
		69400FB418BBE68000238826 /* Item.m */ = {isa = PBXFileReference; fileEncoding = 4; lastKnownFileType = sourcecode.c.objc; path = Item.m; sourceTree = "<group>"; };
		69400FB718BBE6C000238826 /* ShnackOrderTotalCell.h */ = {isa = PBXFileReference; fileEncoding = 4; lastKnownFileType = sourcecode.c.h; path = ShnackOrderTotalCell.h; sourceTree = "<group>"; };
		69400FB818BBE6C000238826 /* ShnackOrderTotalCell.m */ = {isa = PBXFileReference; fileEncoding = 4; lastKnownFileType = sourcecode.c.objc; path = ShnackOrderTotalCell.m; sourceTree = "<group>"; };
		69400FB918BBE6C000238826 /* ShnackOrderItemCell.h */ = {isa = PBXFileReference; fileEncoding = 4; lastKnownFileType = sourcecode.c.h; path = ShnackOrderItemCell.h; sourceTree = "<group>"; };
		69400FBA18BBE6C000238826 /* ShnackOrderItemCell.m */ = {isa = PBXFileReference; fileEncoding = 4; lastKnownFileType = sourcecode.c.objc; path = ShnackOrderItemCell.m; sourceTree = "<group>"; };
		69400FBD18BBEBC400238826 /* ObjectWithNameAndID.h */ = {isa = PBXFileReference; fileEncoding = 4; lastKnownFileType = sourcecode.c.h; path = ObjectWithNameAndID.h; sourceTree = "<group>"; };
		69400FBE18BBEBC400238826 /* ObjectWithNameAndID.m */ = {isa = PBXFileReference; fileEncoding = 4; lastKnownFileType = sourcecode.c.objc; path = ObjectWithNameAndID.m; sourceTree = "<group>"; };
		6953817B191423E900DD91A2 /* app_logo.png */ = {isa = PBXFileReference; lastKnownFileType = image.png; path = app_logo.png; sourceTree = "<group>"; };
		6953817D191429AF00DD91A2 /* launch_image.png */ = {isa = PBXFileReference; lastKnownFileType = image.png; path = launch_image.png; sourceTree = "<group>"; };
		695E27C1197E195B00B0CA2D /* SignUpProfileViewController.h */ = {isa = PBXFileReference; fileEncoding = 4; lastKnownFileType = sourcecode.c.h; path = SignUpProfileViewController.h; sourceTree = "<group>"; };
		695E27C2197E195B00B0CA2D /* SignUpProfileViewController.m */ = {isa = PBXFileReference; fileEncoding = 4; lastKnownFileType = sourcecode.c.objc; path = SignUpProfileViewController.m; sourceTree = "<group>"; };
		695E27C4197E19A000B0CA2D /* ProfileContainerViewController.h */ = {isa = PBXFileReference; fileEncoding = 4; lastKnownFileType = sourcecode.c.h; path = ProfileContainerViewController.h; sourceTree = "<group>"; };
		695E27C5197E19A000B0CA2D /* ProfileContainerViewController.m */ = {isa = PBXFileReference; fileEncoding = 4; lastKnownFileType = sourcecode.c.objc; path = ProfileContainerViewController.m; sourceTree = "<group>"; };
		695E27C8197E2A3200B0CA2D /* DismissSegue.h */ = {isa = PBXFileReference; fileEncoding = 4; lastKnownFileType = sourcecode.c.h; path = DismissSegue.h; sourceTree = "<group>"; };
		695E27C9197E2A3200B0CA2D /* DismissSegue.m */ = {isa = PBXFileReference; fileEncoding = 4; lastKnownFileType = sourcecode.c.objc; path = DismissSegue.m; sourceTree = "<group>"; };
		695E27CB197E325700B0CA2D /* SignUpNavController.h */ = {isa = PBXFileReference; fileEncoding = 4; lastKnownFileType = sourcecode.c.h; path = SignUpNavController.h; sourceTree = "<group>"; };
		695E27CC197E325700B0CA2D /* SignUpNavController.m */ = {isa = PBXFileReference; fileEncoding = 4; lastKnownFileType = sourcecode.c.objc; path = SignUpNavController.m; sourceTree = "<group>"; };
		695E27CE197E3CBD00B0CA2D /* SignUpPaymentInfoViewController.h */ = {isa = PBXFileReference; fileEncoding = 4; lastKnownFileType = sourcecode.c.h; path = SignUpPaymentInfoViewController.h; sourceTree = "<group>"; };
		695E27CF197E3CBD00B0CA2D /* SignUpPaymentInfoViewController.m */ = {isa = PBXFileReference; fileEncoding = 4; lastKnownFileType = sourcecode.c.objc; path = SignUpPaymentInfoViewController.m; sourceTree = "<group>"; };
		6960ABCA191B21CE001DAF8E /* upArrow.png */ = {isa = PBXFileReference; lastKnownFileType = image.png; name = upArrow.png; path = Mobile/upArrow.png; sourceTree = "<group>"; };
		6963E219190846FA00C6885A /* SignUpViewController.h */ = {isa = PBXFileReference; fileEncoding = 4; lastKnownFileType = sourcecode.c.h; name = SignUpViewController.h; path = Mobile/SignUpViewController.h; sourceTree = "<group>"; };
		6963E21A190846FA00C6885A /* SignUpViewController.m */ = {isa = PBXFileReference; fileEncoding = 4; lastKnownFileType = sourcecode.c.objc; name = SignUpViewController.m; path = Mobile/SignUpViewController.m; sourceTree = "<group>"; };
		6963E21C1908472800C6885A /* LoginViewController.h */ = {isa = PBXFileReference; fileEncoding = 4; lastKnownFileType = sourcecode.c.h; name = LoginViewController.h; path = Mobile/LoginViewController.h; sourceTree = "<group>"; };
		6963E21D1908472800C6885A /* LoginViewController.m */ = {isa = PBXFileReference; fileEncoding = 4; lastKnownFileType = sourcecode.c.objc; name = LoginViewController.m; path = Mobile/LoginViewController.m; sourceTree = "<group>"; };
		6963E2201908481800C6885A /* Contents.json */ = {isa = PBXFileReference; fileEncoding = 4; lastKnownFileType = text.json; path = Contents.json; sourceTree = "<group>"; };
		6963E2211908481800C6885A /* StartBarBackground1X.png */ = {isa = PBXFileReference; lastKnownFileType = image.png; path = StartBarBackground1X.png; sourceTree = "<group>"; };
		6963E2221908481800C6885A /* StartBarBackground2X.png */ = {isa = PBXFileReference; lastKnownFileType = image.png; path = StartBarBackground2X.png; sourceTree = "<group>"; };
		6963E2241908481800C6885A /* Contents.json */ = {isa = PBXFileReference; fileEncoding = 4; lastKnownFileType = text.json; path = Contents.json; sourceTree = "<group>"; };
		6963E2251908481800C6885A /* Walkthrough1.png */ = {isa = PBXFileReference; lastKnownFileType = image.png; path = Walkthrough1.png; sourceTree = "<group>"; };
		6963E2271908481800C6885A /* Contents.json */ = {isa = PBXFileReference; fileEncoding = 4; lastKnownFileType = text.json; path = Contents.json; sourceTree = "<group>"; };
		6963E2281908481800C6885A /* Walkthrough2.png */ = {isa = PBXFileReference; lastKnownFileType = image.png; path = Walkthrough2.png; sourceTree = "<group>"; };
		6963E22A1908481800C6885A /* Contents.json */ = {isa = PBXFileReference; fileEncoding = 4; lastKnownFileType = text.json; path = Contents.json; sourceTree = "<group>"; };
		6963E22B1908481800C6885A /* Walkthrough3.png */ = {isa = PBXFileReference; lastKnownFileType = image.png; path = Walkthrough3.png; sourceTree = "<group>"; };
		6963E23519085F2700C6885A /* stadium.jpeg */ = {isa = PBXFileReference; lastKnownFileType = image.jpeg; path = stadium.jpeg; sourceTree = "<group>"; };
		696A455E1983338F0080CB57 /* ReceiptViewController.h */ = {isa = PBXFileReference; fileEncoding = 4; lastKnownFileType = sourcecode.c.h; name = ReceiptViewController.h; path = Mobile/ReceiptViewController.h; sourceTree = "<group>"; };
		696A455F1983338F0080CB57 /* ReceiptViewController.m */ = {isa = PBXFileReference; fileEncoding = 4; lastKnownFileType = sourcecode.c.objc; name = ReceiptViewController.m; path = Mobile/ReceiptViewController.m; sourceTree = "<group>"; };
		69715B1718AD39560039D061 /* Shnack.app */ = {isa = PBXFileReference; explicitFileType = wrapper.application; includeInIndex = 0; path = Shnack.app; sourceTree = BUILT_PRODUCTS_DIR; };
		69715B1A18AD39560039D061 /* Foundation.framework */ = {isa = PBXFileReference; lastKnownFileType = wrapper.framework; name = Foundation.framework; path = System/Library/Frameworks/Foundation.framework; sourceTree = SDKROOT; };
		69715B1C18AD39560039D061 /* CoreGraphics.framework */ = {isa = PBXFileReference; lastKnownFileType = wrapper.framework; name = CoreGraphics.framework; path = System/Library/Frameworks/CoreGraphics.framework; sourceTree = SDKROOT; };
		69715B1E18AD39560039D061 /* UIKit.framework */ = {isa = PBXFileReference; lastKnownFileType = wrapper.framework; name = UIKit.framework; path = System/Library/Frameworks/UIKit.framework; sourceTree = SDKROOT; };
		69715B2018AD39560039D061 /* CoreData.framework */ = {isa = PBXFileReference; lastKnownFileType = wrapper.framework; name = CoreData.framework; path = System/Library/Frameworks/CoreData.framework; sourceTree = SDKROOT; };
		69715B2418AD39560039D061 /* Shnack-Info.plist */ = {isa = PBXFileReference; lastKnownFileType = text.plist.xml; path = "Shnack-Info.plist"; sourceTree = "<group>"; };
		69715B2618AD39560039D061 /* en */ = {isa = PBXFileReference; lastKnownFileType = text.plist.strings; name = en; path = en.lproj/InfoPlist.strings; sourceTree = "<group>"; };
		69715B2818AD39560039D061 /* main.m */ = {isa = PBXFileReference; lastKnownFileType = sourcecode.c.objc; path = main.m; sourceTree = "<group>"; };
		69715B2A18AD39560039D061 /* Shnack-Prefix.pch */ = {isa = PBXFileReference; lastKnownFileType = sourcecode.c.h; path = "Shnack-Prefix.pch"; sourceTree = "<group>"; };
		69715B2B18AD39560039D061 /* AppDelegate.h */ = {isa = PBXFileReference; lastKnownFileType = sourcecode.c.h; path = AppDelegate.h; sourceTree = "<group>"; };
		69715B2C18AD39560039D061 /* AppDelegate.m */ = {isa = PBXFileReference; lastKnownFileType = sourcecode.c.objc; path = AppDelegate.m; sourceTree = "<group>"; };
		69715B2F18AD39560039D061 /* Base */ = {isa = PBXFileReference; lastKnownFileType = file.storyboard; name = Base; path = Base.lproj/Main.storyboard; sourceTree = "<group>"; };
		69715B3218AD39560039D061 /* Mobile.xcdatamodel */ = {isa = PBXFileReference; lastKnownFileType = wrapper.xcdatamodel; path = Mobile.xcdatamodel; sourceTree = "<group>"; };
		69715B3418AD39560039D061 /* LocationsViewController.h */ = {isa = PBXFileReference; lastKnownFileType = sourcecode.c.h; name = LocationsViewController.h; path = Mobile/LocationsViewController.h; sourceTree = "<group>"; };
		69715B3518AD39560039D061 /* LocationsViewController.m */ = {isa = PBXFileReference; lastKnownFileType = sourcecode.c.objc; name = LocationsViewController.m; path = Mobile/LocationsViewController.m; sourceTree = "<group>"; };
		69715B3A18AD39560039D061 /* Images.xcassets */ = {isa = PBXFileReference; lastKnownFileType = folder.assetcatalog; path = Images.xcassets; sourceTree = "<group>"; };
		69715B4018AD39570039D061 /* ShnackTests.xctest */ = {isa = PBXFileReference; explicitFileType = wrapper.cfbundle; includeInIndex = 0; path = ShnackTests.xctest; sourceTree = BUILT_PRODUCTS_DIR; };
		69715B4118AD39570039D061 /* XCTest.framework */ = {isa = PBXFileReference; lastKnownFileType = wrapper.framework; name = XCTest.framework; path = Library/Frameworks/XCTest.framework; sourceTree = DEVELOPER_DIR; };
		69715B4A18AD39570039D061 /* ShnackTests-Info.plist */ = {isa = PBXFileReference; lastKnownFileType = text.plist.xml; path = "ShnackTests-Info.plist"; sourceTree = "<group>"; };
		69715B4C18AD39570039D061 /* en */ = {isa = PBXFileReference; lastKnownFileType = text.plist.strings; name = en; path = en.lproj/InfoPlist.strings; sourceTree = "<group>"; };
		69715B4E18AD39570039D061 /* MobileTests.m */ = {isa = PBXFileReference; lastKnownFileType = sourcecode.c.objc; path = MobileTests.m; sourceTree = "<group>"; };
		69715B5818AD3CB30039D061 /* NSConnectionDelegate.h */ = {isa = PBXFileReference; fileEncoding = 4; lastKnownFileType = sourcecode.c.h; path = NSConnectionDelegate.h; sourceTree = "<group>"; };
		69715B5918AD3CB30039D061 /* NSConnectionDelegate.m */ = {isa = PBXFileReference; fileEncoding = 4; lastKnownFileType = sourcecode.c.objc; path = NSConnectionDelegate.m; sourceTree = "<group>"; };
		6977B4B518FD044E00A51871 /* POPDTableViewController.h */ = {isa = PBXFileReference; fileEncoding = 4; lastKnownFileType = sourcecode.c.h; path = POPDTableViewController.h; sourceTree = "<group>"; };
		6977B4B618FD044E00A51871 /* POPDTableViewController.m */ = {isa = PBXFileReference; fileEncoding = 4; lastKnownFileType = sourcecode.c.objc; path = POPDTableViewController.m; sourceTree = "<group>"; };
		698B41B419098E4A00B532C2 /* logoSmall.png */ = {isa = PBXFileReference; lastKnownFileType = image.png; name = logoSmall.png; path = Images.xcassets/logoSmall.png; sourceTree = "<group>"; };
		69924C0419790B0B0024E683 /* Screen Shot 2014-06-27 at 4.18.55 PM.jpg */ = {isa = PBXFileReference; lastKnownFileType = image.jpeg; path = "Screen Shot 2014-06-27 at 4.18.55 PM.jpg"; sourceTree = "<group>"; };
		6999CD2A1908BBB2009BD628 /* BButton.h */ = {isa = PBXFileReference; lastKnownFileType = sourcecode.c.h; path = BButton.h; sourceTree = "<group>"; };
		6999CD2B1908BBB2009BD628 /* BButton.m */ = {isa = PBXFileReference; lastKnownFileType = sourcecode.c.objc; path = BButton.m; sourceTree = "<group>"; };
		6999CD2C1908BBB2009BD628 /* NSString+FontAwesome.h */ = {isa = PBXFileReference; lastKnownFileType = sourcecode.c.h; path = "NSString+FontAwesome.h"; sourceTree = "<group>"; };
		6999CD2D1908BBB2009BD628 /* NSString+FontAwesome.m */ = {isa = PBXFileReference; lastKnownFileType = sourcecode.c.objc; path = "NSString+FontAwesome.m"; sourceTree = "<group>"; };
		6999CD2E1908BBB2009BD628 /* UIColor+BButton.h */ = {isa = PBXFileReference; lastKnownFileType = sourcecode.c.h; path = "UIColor+BButton.h"; sourceTree = "<group>"; };
		6999CD2F1908BBB2009BD628 /* UIColor+BButton.m */ = {isa = PBXFileReference; lastKnownFileType = sourcecode.c.objc; path = "UIColor+BButton.m"; sourceTree = "<group>"; };
		6999CD311908BBB2009BD628 /* FontAwesome.ttf */ = {isa = PBXFileReference; lastKnownFileType = file; path = FontAwesome.ttf; sourceTree = "<group>"; };
		6999CD321908BBB2009BD628 /* LICENSE.txt */ = {isa = PBXFileReference; lastKnownFileType = text; path = LICENSE.txt; sourceTree = "<group>"; };
		6999CD331908BBB2009BD628 /* README.md */ = {isa = PBXFileReference; lastKnownFileType = text; path = README.md; sourceTree = "<group>"; };
		6999CD361908BBB2009BD628 /* BButton.h */ = {isa = PBXFileReference; lastKnownFileType = sourcecode.c.h; path = BButton.h; sourceTree = "<group>"; };
		6999CD371908BBB2009BD628 /* NSString+FontAwesome.h */ = {isa = PBXFileReference; lastKnownFileType = sourcecode.c.h; path = "NSString+FontAwesome.h"; sourceTree = "<group>"; };
		6999CD381908BBB2009BD628 /* UIColor+BButton.h */ = {isa = PBXFileReference; lastKnownFileType = sourcecode.c.h; path = "UIColor+BButton.h"; sourceTree = "<group>"; };
		6999CD3B1908BBB2009BD628 /* BButton.h */ = {isa = PBXFileReference; lastKnownFileType = sourcecode.c.h; path = BButton.h; sourceTree = "<group>"; };
		6999CD3C1908BBB2009BD628 /* NSString+FontAwesome.h */ = {isa = PBXFileReference; lastKnownFileType = sourcecode.c.h; path = "NSString+FontAwesome.h"; sourceTree = "<group>"; };
		6999CD3D1908BBB2009BD628 /* UIColor+BButton.h */ = {isa = PBXFileReference; lastKnownFileType = sourcecode.c.h; path = "UIColor+BButton.h"; sourceTree = "<group>"; };
		6999CD3E1908BBB2009BD628 /* Manifest.lock */ = {isa = PBXFileReference; lastKnownFileType = text; path = Manifest.lock; sourceTree = "<group>"; };
		6999CD3F1908BBB2009BD628 /* Pods-acknowledgements.markdown */ = {isa = PBXFileReference; lastKnownFileType = text; path = "Pods-acknowledgements.markdown"; sourceTree = "<group>"; };
		6999CD401908BBB2009BD628 /* Pods-acknowledgements.plist */ = {isa = PBXFileReference; lastKnownFileType = text.plist.xml; path = "Pods-acknowledgements.plist"; sourceTree = "<group>"; };
		6999CD411908BBB2009BD628 /* Pods-BButton-dummy.m */ = {isa = PBXFileReference; lastKnownFileType = sourcecode.c.objc; path = "Pods-BButton-dummy.m"; sourceTree = "<group>"; };
		6999CD421908BBB2009BD628 /* Pods-BButton-prefix.pch */ = {isa = PBXFileReference; lastKnownFileType = sourcecode.c.h; path = "Pods-BButton-prefix.pch"; sourceTree = "<group>"; };
		6999CD431908BBB2009BD628 /* Pods-BButton-Private.xcconfig */ = {isa = PBXFileReference; lastKnownFileType = text.xcconfig; path = "Pods-BButton-Private.xcconfig"; sourceTree = "<group>"; };
		6999CD441908BBB2009BD628 /* Pods-BButton.xcconfig */ = {isa = PBXFileReference; lastKnownFileType = text.xcconfig; path = "Pods-BButton.xcconfig"; sourceTree = "<group>"; };
		6999CD451908BBB2009BD628 /* Pods-dummy.m */ = {isa = PBXFileReference; lastKnownFileType = sourcecode.c.objc; path = "Pods-dummy.m"; sourceTree = "<group>"; };
		6999CD461908BBB2009BD628 /* Pods-environment.h */ = {isa = PBXFileReference; lastKnownFileType = sourcecode.c.h; path = "Pods-environment.h"; sourceTree = "<group>"; };
		6999CD471908BBB2009BD628 /* Pods-resources.sh */ = {isa = PBXFileReference; lastKnownFileType = text.script.sh; path = "Pods-resources.sh"; sourceTree = "<group>"; };
		6999CD481908BBB2009BD628 /* Pods.xcconfig */ = {isa = PBXFileReference; lastKnownFileType = text.xcconfig; path = Pods.xcconfig; sourceTree = "<group>"; };
		6999CD491908BBB2009BD628 /* Pods.xcodeproj */ = {isa = PBXFileReference; lastKnownFileType = "wrapper.pb-project"; path = Pods.xcodeproj; sourceTree = "<group>"; };
		6999CD531908BC04009BD628 /* libPods.a */ = {isa = PBXFileReference; lastKnownFileType = archive.ar; name = libPods.a; path = ../../add/libPods.a; sourceTree = "<group>"; };
		6999CD551908E37F009BD628 /* Damion-Regular.ttf */ = {isa = PBXFileReference; lastKnownFileType = file; path = "Damion-Regular.ttf"; sourceTree = "<group>"; };
		6999CD571908E398009BD628 /* PoiretOne-Regular.ttf */ = {isa = PBXFileReference; lastKnownFileType = file; path = "PoiretOne-Regular.ttf"; sourceTree = "<group>"; };
		69D7537B1995D19900CAD378 /* red_background.png */ = {isa = PBXFileReference; lastKnownFileType = image.png; path = red_background.png; sourceTree = "<group>"; };
		69D753801995D8EF00CAD378 /* UIViewController+CWPopup.h */ = {isa = PBXFileReference; fileEncoding = 4; lastKnownFileType = sourcecode.c.h; path = "UIViewController+CWPopup.h"; sourceTree = "<group>"; };
		69D753811995D8EF00CAD378 /* UIViewController+CWPopup.m */ = {isa = PBXFileReference; fileEncoding = 4; lastKnownFileType = sourcecode.c.objc; path = "UIViewController+CWPopup.m"; sourceTree = "<group>"; };
		69E0F09218BC5977008C1543 /* logo.png */ = {isa = PBXFileReference; lastKnownFileType = image.png; path = logo.png; sourceTree = "<group>"; };
		69F3199619368DC400C501D5 /* LoginContainerViewController.h */ = {isa = PBXFileReference; fileEncoding = 4; lastKnownFileType = sourcecode.c.h; name = LoginContainerViewController.h; path = Mobile/LoginContainerViewController.h; sourceTree = "<group>"; };
		69F3199719368DC400C501D5 /* LoginContainerViewController.m */ = {isa = PBXFileReference; fileEncoding = 4; lastKnownFileType = sourcecode.c.objc; name = LoginContainerViewController.m; path = Mobile/LoginContainerViewController.m; sourceTree = "<group>"; };
		69F3199B1936A3BB00C501D5 /* navBar.png */ = {isa = PBXFileReference; lastKnownFileType = image.png; path = navBar.png; sourceTree = "<group>"; };
		69F73C2119739B3300361426 /* NSObject_Constants.h */ = {isa = PBXFileReference; lastKnownFileType = sourcecode.c.h; path = NSObject_Constants.h; sourceTree = "<group>"; };
		69F73C241973BAAF00361426 /* SignUpContainerViewController.h */ = {isa = PBXFileReference; fileEncoding = 4; lastKnownFileType = sourcecode.c.h; path = SignUpContainerViewController.h; sourceTree = "<group>"; };
		69F73C251973BAAF00361426 /* SignUpContainerViewController.m */ = {isa = PBXFileReference; fileEncoding = 4; lastKnownFileType = sourcecode.c.objc; path = SignUpContainerViewController.m; sourceTree = "<group>"; };
		69F95CC718F200B30011F5DB /* STPCard.h */ = {isa = PBXFileReference; fileEncoding = 4; lastKnownFileType = sourcecode.c.h; path = STPCard.h; sourceTree = "<group>"; };
		69F95CC818F200B30011F5DB /* STPCard.m */ = {isa = PBXFileReference; fileEncoding = 4; lastKnownFileType = sourcecode.c.objc; path = STPCard.m; sourceTree = "<group>"; };
		69F95CC918F200B30011F5DB /* STPToken.h */ = {isa = PBXFileReference; fileEncoding = 4; lastKnownFileType = sourcecode.c.h; path = STPToken.h; sourceTree = "<group>"; };
		69F95CCA18F200B30011F5DB /* STPToken.m */ = {isa = PBXFileReference; fileEncoding = 4; lastKnownFileType = sourcecode.c.objc; path = STPToken.m; sourceTree = "<group>"; };
		69F95CCB18F200B30011F5DB /* STPView.h */ = {isa = PBXFileReference; fileEncoding = 4; lastKnownFileType = sourcecode.c.h; path = STPView.h; sourceTree = "<group>"; };
		69F95CCC18F200B30011F5DB /* STPView.m */ = {isa = PBXFileReference; fileEncoding = 4; lastKnownFileType = sourcecode.c.objc; path = STPView.m; sourceTree = "<group>"; };
		69F95CCD18F200B30011F5DB /* Stripe-Prefix.pch */ = {isa = PBXFileReference; fileEncoding = 4; lastKnownFileType = sourcecode.c.h; path = "Stripe-Prefix.pch"; sourceTree = "<group>"; };
		69F95CCE18F200B30011F5DB /* Stripe.h */ = {isa = PBXFileReference; fileEncoding = 4; lastKnownFileType = sourcecode.c.h; path = Stripe.h; sourceTree = "<group>"; };
		69F95CCF18F200B30011F5DB /* Stripe.m */ = {isa = PBXFileReference; fileEncoding = 4; lastKnownFileType = sourcecode.c.objc; path = Stripe.m; sourceTree = "<group>"; };
		69F95CD018F200B30011F5DB /* StripeError.h */ = {isa = PBXFileReference; fileEncoding = 4; lastKnownFileType = sourcecode.c.h; path = StripeError.h; sourceTree = "<group>"; };
		69F95CD118F200B30011F5DB /* StripeError.m */ = {isa = PBXFileReference; fileEncoding = 4; lastKnownFileType = sourcecode.c.objc; path = StripeError.m; sourceTree = "<group>"; };
		69F95CD418F200B30011F5DB /* PKAddressZip.h */ = {isa = PBXFileReference; fileEncoding = 4; lastKnownFileType = sourcecode.c.h; path = PKAddressZip.h; sourceTree = "<group>"; };
		69F95CD518F200B30011F5DB /* PKAddressZip.m */ = {isa = PBXFileReference; fileEncoding = 4; lastKnownFileType = sourcecode.c.objc; path = PKAddressZip.m; sourceTree = "<group>"; };
		69F95CD618F200B30011F5DB /* PKCard.h */ = {isa = PBXFileReference; fileEncoding = 4; lastKnownFileType = sourcecode.c.h; path = PKCard.h; sourceTree = "<group>"; };
		69F95CD718F200B30011F5DB /* PKCard.m */ = {isa = PBXFileReference; fileEncoding = 4; lastKnownFileType = sourcecode.c.objc; path = PKCard.m; sourceTree = "<group>"; };
		69F95CD818F200B30011F5DB /* PKCardCVC.h */ = {isa = PBXFileReference; fileEncoding = 4; lastKnownFileType = sourcecode.c.h; path = PKCardCVC.h; sourceTree = "<group>"; };
		69F95CD918F200B30011F5DB /* PKCardCVC.m */ = {isa = PBXFileReference; fileEncoding = 4; lastKnownFileType = sourcecode.c.objc; path = PKCardCVC.m; sourceTree = "<group>"; };
		69F95CDA18F200B30011F5DB /* PKCardExpiry.h */ = {isa = PBXFileReference; fileEncoding = 4; lastKnownFileType = sourcecode.c.h; path = PKCardExpiry.h; sourceTree = "<group>"; };
		69F95CDB18F200B30011F5DB /* PKCardExpiry.m */ = {isa = PBXFileReference; fileEncoding = 4; lastKnownFileType = sourcecode.c.objc; path = PKCardExpiry.m; sourceTree = "<group>"; };
		69F95CDC18F200B30011F5DB /* PKCardNumber.h */ = {isa = PBXFileReference; fileEncoding = 4; lastKnownFileType = sourcecode.c.h; path = PKCardNumber.h; sourceTree = "<group>"; };
		69F95CDD18F200B30011F5DB /* PKCardNumber.m */ = {isa = PBXFileReference; fileEncoding = 4; lastKnownFileType = sourcecode.c.objc; path = PKCardNumber.m; sourceTree = "<group>"; };
		69F95CDE18F200B30011F5DB /* PKCardType.h */ = {isa = PBXFileReference; fileEncoding = 4; lastKnownFileType = sourcecode.c.h; path = PKCardType.h; sourceTree = "<group>"; };
		69F95CDF18F200B30011F5DB /* PKComponent.h */ = {isa = PBXFileReference; fileEncoding = 4; lastKnownFileType = sourcecode.c.h; path = PKComponent.h; sourceTree = "<group>"; };
		69F95CE018F200B30011F5DB /* PKComponent.m */ = {isa = PBXFileReference; fileEncoding = 4; lastKnownFileType = sourcecode.c.objc; path = PKComponent.m; sourceTree = "<group>"; };
		69F95CE118F200B30011F5DB /* PKTextField.h */ = {isa = PBXFileReference; fileEncoding = 4; lastKnownFileType = sourcecode.c.h; path = PKTextField.h; sourceTree = "<group>"; };
		69F95CE218F200B30011F5DB /* PKTextField.m */ = {isa = PBXFileReference; fileEncoding = 4; lastKnownFileType = sourcecode.c.objc; path = PKTextField.m; sourceTree = "<group>"; };
		69F95CE318F200B30011F5DB /* PKUSAddressZip.h */ = {isa = PBXFileReference; fileEncoding = 4; lastKnownFileType = sourcecode.c.h; path = PKUSAddressZip.h; sourceTree = "<group>"; };
		69F95CE418F200B30011F5DB /* PKUSAddressZip.m */ = {isa = PBXFileReference; fileEncoding = 4; lastKnownFileType = sourcecode.c.objc; path = PKUSAddressZip.m; sourceTree = "<group>"; };
		69F95CE518F200B30011F5DB /* PKView.h */ = {isa = PBXFileReference; fileEncoding = 4; lastKnownFileType = sourcecode.c.h; path = PKView.h; sourceTree = "<group>"; };
		69F95CE618F200B30011F5DB /* PKView.m */ = {isa = PBXFileReference; fileEncoding = 4; lastKnownFileType = sourcecode.c.objc; path = PKView.m; sourceTree = "<group>"; };
		69F95CE918F200B30011F5DB /* amex.png */ = {isa = PBXFileReference; lastKnownFileType = image.png; path = amex.png; sourceTree = "<group>"; };
		69F95CEA18F200B30011F5DB /* amex@2x.png */ = {isa = PBXFileReference; lastKnownFileType = image.png; path = "amex@2x.png"; sourceTree = "<group>"; };
		69F95CEB18F200B30011F5DB /* cvc-amex.png */ = {isa = PBXFileReference; lastKnownFileType = image.png; path = "cvc-amex.png"; sourceTree = "<group>"; };
		69F95CEC18F200B30011F5DB /* cvc-amex@2x.png */ = {isa = PBXFileReference; lastKnownFileType = image.png; path = "cvc-amex@2x.png"; sourceTree = "<group>"; };
		69F95CED18F200B30011F5DB /* cvc.png */ = {isa = PBXFileReference; lastKnownFileType = image.png; path = cvc.png; sourceTree = "<group>"; };
		69F95CEE18F200B30011F5DB /* cvc@2x.png */ = {isa = PBXFileReference; lastKnownFileType = image.png; path = "cvc@2x.png"; sourceTree = "<group>"; };
		69F95CEF18F200B30011F5DB /* diners.png */ = {isa = PBXFileReference; lastKnownFileType = image.png; path = diners.png; sourceTree = "<group>"; };
		69F95CF018F200B30011F5DB /* diners@2x.png */ = {isa = PBXFileReference; lastKnownFileType = image.png; path = "diners@2x.png"; sourceTree = "<group>"; };
		69F95CF118F200B30011F5DB /* discover.png */ = {isa = PBXFileReference; lastKnownFileType = image.png; path = discover.png; sourceTree = "<group>"; };
		69F95CF218F200B30011F5DB /* discover@2x.png */ = {isa = PBXFileReference; lastKnownFileType = image.png; path = "discover@2x.png"; sourceTree = "<group>"; };
		69F95CF318F200B30011F5DB /* jcb.png */ = {isa = PBXFileReference; lastKnownFileType = image.png; path = jcb.png; sourceTree = "<group>"; };
		69F95CF418F200B30011F5DB /* jcb@2x.png */ = {isa = PBXFileReference; lastKnownFileType = image.png; path = "jcb@2x.png"; sourceTree = "<group>"; };
		69F95CF518F200B30011F5DB /* mastercard.png */ = {isa = PBXFileReference; lastKnownFileType = image.png; path = mastercard.png; sourceTree = "<group>"; };
		69F95CF618F200B30011F5DB /* mastercard@2x.png */ = {isa = PBXFileReference; lastKnownFileType = image.png; path = "mastercard@2x.png"; sourceTree = "<group>"; };
		69F95CF718F200B30011F5DB /* placeholder.png */ = {isa = PBXFileReference; lastKnownFileType = image.png; path = placeholder.png; sourceTree = "<group>"; };
		69F95CF818F200B30011F5DB /* placeholder@2x.png */ = {isa = PBXFileReference; lastKnownFileType = image.png; path = "placeholder@2x.png"; sourceTree = "<group>"; };
		69F95CF918F200B30011F5DB /* visa.png */ = {isa = PBXFileReference; lastKnownFileType = image.png; path = visa.png; sourceTree = "<group>"; };
		69F95CFA18F200B30011F5DB /* visa@2x.png */ = {isa = PBXFileReference; lastKnownFileType = image.png; path = "visa@2x.png"; sourceTree = "<group>"; };
		69F95CFB18F200B30011F5DB /* gradient@2x.png */ = {isa = PBXFileReference; lastKnownFileType = image.png; path = "gradient@2x.png"; sourceTree = "<group>"; };
		69F95CFC18F200B30011F5DB /* textfield.png */ = {isa = PBXFileReference; lastKnownFileType = image.png; path = textfield.png; sourceTree = "<group>"; };
		69F95CFD18F200B30011F5DB /* textfield@2x.png */ = {isa = PBXFileReference; lastKnownFileType = image.png; path = "textfield@2x.png"; sourceTree = "<group>"; };
		69F95D2518F2184B0011F5DB /* MBProgressHUD.h */ = {isa = PBXFileReference; fileEncoding = 4; lastKnownFileType = sourcecode.c.h; path = MBProgressHUD.h; sourceTree = "<group>"; };
		69F95D2618F2184B0011F5DB /* MBProgressHUD.m */ = {isa = PBXFileReference; fileEncoding = 4; lastKnownFileType = sourcecode.c.objc; path = MBProgressHUD.m; sourceTree = "<group>"; };
		69FF4C8819B57FFB0032A0BE /* SideMenuViewController.h */ = {isa = PBXFileReference; fileEncoding = 4; lastKnownFileType = sourcecode.c.h; path = SideMenuViewController.h; sourceTree = "<group>"; };
		69FF4C8919B57FFB0032A0BE /* SideMenuViewController.m */ = {isa = PBXFileReference; fileEncoding = 4; lastKnownFileType = sourcecode.c.objc; path = SideMenuViewController.m; sourceTree = "<group>"; };
		6A546BF48A1243308E94883D /* Pods.xcconfig */ = {isa = PBXFileReference; includeInIndex = 1; lastKnownFileType = text.xcconfig; name = Pods.xcconfig; path = Pods/Pods.xcconfig; sourceTree = "<group>"; };
/* End PBXFileReference section */

/* Begin PBXFrameworksBuildPhase section */
		69715B1418AD39560039D061 /* Frameworks */ = {
			isa = PBXFrameworksBuildPhase;
			buildActionMask = 2147483647;
			files = (
				6999CD541908BC04009BD628 /* libPods.a in Frameworks */,
				69715B1D18AD39560039D061 /* CoreGraphics.framework in Frameworks */,
				69715B2118AD39560039D061 /* CoreData.framework in Frameworks */,
				69715B1F18AD39560039D061 /* UIKit.framework in Frameworks */,
				69715B1B18AD39560039D061 /* Foundation.framework in Frameworks */,
			);
			runOnlyForDeploymentPostprocessing = 0;
		};
		69715B3D18AD39570039D061 /* Frameworks */ = {
			isa = PBXFrameworksBuildPhase;
			buildActionMask = 2147483647;
			files = (
				69715B4218AD39570039D061 /* XCTest.framework in Frameworks */,
				69715B4518AD39570039D061 /* CoreData.framework in Frameworks */,
				69715B4418AD39570039D061 /* UIKit.framework in Frameworks */,
				69715B4318AD39570039D061 /* Foundation.framework in Frameworks */,
			);
			runOnlyForDeploymentPostprocessing = 0;
		};
/* End PBXFrameworksBuildPhase section */

/* Begin PBXGroup section */
		42459A7218FD210900C5728B /* Side Menu Controllers */ = {
			isa = PBXGroup;
			children = (
				42E9610718ED494100E5A182 /* LeftMenuViewController.h */,
				42E9610818ED494100E5A182 /* LeftMenuViewController.m */,
				42E9610918ED494100E5A182 /* RightMenuViewController.h */,
				42E9610A18ED494100E5A182 /* RightMenuViewController.m */,
				42E9610B18ED494100E5A182 /* RootViewController.h */,
				42E9610C18ED494100E5A182 /* RootViewController.m */,
				42E9610D18ED494100E5A182 /* SecondViewController.h */,
				42E9610E18ED494100E5A182 /* SecondViewController.m */,
				69FF4C8819B57FFB0032A0BE /* SideMenuViewController.h */,
				69FF4C8919B57FFB0032A0BE /* SideMenuViewController.m */,
			);
			name = "Side Menu Controllers";
			sourceTree = "<group>";
		};
		42459A7318FD212700C5728B /* Scrolling Tutorial Controllers */ = {
			isa = PBXGroup;
			children = (
				691E66DC18F3DAD900F67683 /* InitialViewController.h */,
				691E66DD18F3DAD900F67683 /* InitialViewController.m */,
				6960ABCA191B21CE001DAF8E /* upArrow.png */,
				691E66D918F3D5C200F67683 /* TutorialContentViewController.h */,
				691E66DA18F3D5C200F67683 /* TutorialContentViewController.m */,
			);
			name = "Scrolling Tutorial Controllers";
			sourceTree = "<group>";
		};
		429B5F3118F7A51B005D1A3C /* popdowntable */ = {
			isa = PBXGroup;
			children = (
				42E04717190813A800890447 /* POPDTableView.h */,
				42E04718190813A800890447 /* POPDTableView.m */,
				6977B4B518FD044E00A51871 /* POPDTableViewController.h */,
				6977B4B618FD044E00A51871 /* POPDTableViewController.m */,
				429B5F2E18F7A51B005D1A3C /* POPDCell.h */,
				429B5F2F18F7A51B005D1A3C /* POPDCell.m */,
			);
			path = popdowntable;
			sourceTree = "<group>";
		};
		42E960EF18ED319F00E5A182 /* RESideMenu */ = {
			isa = PBXGroup;
			children = (
				42E9611418F14B2000E5A182 /* RECommonFunctions.h */,
				42E9611518F14B2000E5A182 /* RECommonFunctions.m */,
				42E9611618F14B2000E5A182 /* RESideMenu.h */,
				42E9611718F14B2000E5A182 /* RESideMenu.m */,
				42E9611818F14B2000E5A182 /* UIViewController+RESideMenu.h */,
				42E9611918F14B2000E5A182 /* UIViewController+RESideMenu.m */,
			);
			name = RESideMenu;
			path = ../../../RESideMenu/RESideMenu;
			sourceTree = "<group>";
		};
		6935AD1A18AEA36B007CF28F /* Objects */ = {
			isa = PBXGroup;
			children = (
				69400FB618BBE69A00238826 /* Table Cells */,
				69400FBD18BBEBC400238826 /* ObjectWithNameAndID.h */,
				69400FBE18BBEBC400238826 /* ObjectWithNameAndID.m */,
				69400FB318BBE68000238826 /* Item.h */,
				69400FB418BBE68000238826 /* Item.m */,
			);
			name = Objects;
			sourceTree = "<group>";
		};
		6935AD1B18AEA38A007CF28F /* Controllers */ = {
			isa = PBXGroup;
			children = (
				69C85C8719AEFC5900D11B80 /* Login Controllers */,
				6939374E191F13110061839C /* Main Pages */,
				42459A7318FD212700C5728B /* Scrolling Tutorial Controllers */,
				42459A7218FD210900C5728B /* Side Menu Controllers */,
				695E27BE197E191800B0CA2D /* Sign Up Navigation Controllers */,
				69715B3418AD39560039D061 /* LocationsViewController.h */,
				69715B3518AD39560039D061 /* LocationsViewController.m */,
				42E0470519061DC200890447 /* ShnackMenuViewController.h */,
				42E0470619061DC200890447 /* ShnackMenuViewController.m */,
				42E0470B190741F500890447 /* ShnackMyOrderViewController.h */,
				42E0470C190741F500890447 /* ShnackMyOrderViewController.m */,
				696A455E1983338F0080CB57 /* ReceiptViewController.h */,
				696A455F1983338F0080CB57 /* ReceiptViewController.m */,
				69242D071996858D0067DFA5 /* CartPopViewController.h */,
				69242D081996858D0067DFA5 /* CartPopViewController.m */,
				69242D091996858D0067DFA5 /* CartPopViewController.xib */,
				693A941F19B60C7A0069A2D4 /* ShnackNavController.h */,
				693A942019B60C7A0069A2D4 /* ShnackNavController.m */,
			);
			name = Controllers;
			path = ..;
			sourceTree = "<group>";
		};
		6939374E191F13110061839C /* Main Pages */ = {
			isa = PBXGroup;
			children = (
				69393752191F13E00061839C /* MainPageViewController.h */,
				69393753191F13E00061839C /* MainPageViewController.m */,
			);
			name = "Main Pages";
			sourceTree = "<group>";
		};
		69400FB618BBE69A00238826 /* Table Cells */ = {
			isa = PBXGroup;
			children = (
				42BD1E8E19008D5200FC57E5 /* FooterCheckoutCell.xib */,
				69400FB718BBE6C000238826 /* ShnackOrderTotalCell.h */,
				69400FB818BBE6C000238826 /* ShnackOrderTotalCell.m */,
				69400FB918BBE6C000238826 /* ShnackOrderItemCell.h */,
				69400FBA18BBE6C000238826 /* ShnackOrderItemCell.m */,
				42E047081906607400890447 /* ShnackOrderCategoryCell.h */,
				42E047091906607400890447 /* ShnackOrderCategoryCell.m */,
			);
			name = "Table Cells";
			sourceTree = "<group>";
		};
		69400FC818BC52E400238826 /* Images */ = {
			isa = PBXGroup;
			children = (
				69F3199B1936A3BB00C501D5 /* navBar.png */,
				690AE028190D76EC0053461B /* Check_mark .png */,
				691E66DF18F3E2FB00F67683 /* paperplane.svg */,
				69E0F09218BC5977008C1543 /* logo.png */,
			);
			name = Images;
			sourceTree = "<group>";
		};
		695E27BE197E191800B0CA2D /* Sign Up Navigation Controllers */ = {
			isa = PBXGroup;
			children = (
				695E27CB197E325700B0CA2D /* SignUpNavController.h */,
				695E27CC197E325700B0CA2D /* SignUpNavController.m */,
				6963E219190846FA00C6885A /* SignUpViewController.h */,
				6963E21A190846FA00C6885A /* SignUpViewController.m */,
				69F73C241973BAAF00361426 /* SignUpContainerViewController.h */,
				69F73C251973BAAF00361426 /* SignUpContainerViewController.m */,
				695E27C1197E195B00B0CA2D /* SignUpProfileViewController.h */,
				695E27C2197E195B00B0CA2D /* SignUpProfileViewController.m */,
				695E27C4197E19A000B0CA2D /* ProfileContainerViewController.h */,
				695E27C5197E19A000B0CA2D /* ProfileContainerViewController.m */,
				695E27CE197E3CBD00B0CA2D /* SignUpPaymentInfoViewController.h */,
				695E27CF197E3CBD00B0CA2D /* SignUpPaymentInfoViewController.m */,
			);
			name = "Sign Up Navigation Controllers";
			sourceTree = "<group>";
		};
		695E27C7197E2A0600B0CA2D /* Segues */ = {
			isa = PBXGroup;
			children = (
				695E27C8197E2A3200B0CA2D /* DismissSegue.h */,
				695E27C9197E2A3200B0CA2D /* DismissSegue.m */,
			);
			name = Segues;
			sourceTree = "<group>";
		};
		6963E21F1908481800C6885A /* StartBarBackground.imageset */ = {
			isa = PBXGroup;
			children = (
				6963E2201908481800C6885A /* Contents.json */,
				6963E2211908481800C6885A /* StartBarBackground1X.png */,
				6963E2221908481800C6885A /* StartBarBackground2X.png */,
			);
			name = StartBarBackground.imageset;
			path = Images.xcassets/StartBarBackground.imageset;
			sourceTree = "<group>";
		};
		6963E2231908481800C6885A /* Walkthrough1.imageset */ = {
			isa = PBXGroup;
			children = (
				6963E2241908481800C6885A /* Contents.json */,
				6963E2251908481800C6885A /* Walkthrough1.png */,
			);
			name = Walkthrough1.imageset;
			path = Images.xcassets/Walkthrough1.imageset;
			sourceTree = "<group>";
		};
		6963E2261908481800C6885A /* Walkthrough2.imageset */ = {
			isa = PBXGroup;
			children = (
				6963E2271908481800C6885A /* Contents.json */,
				6963E2281908481800C6885A /* Walkthrough2.png */,
			);
			name = Walkthrough2.imageset;
			path = Images.xcassets/Walkthrough2.imageset;
			sourceTree = "<group>";
		};
		6963E2291908481800C6885A /* Walkthrough3.imageset */ = {
			isa = PBXGroup;
			children = (
				6963E22A1908481800C6885A /* Contents.json */,
				6963E22B1908481800C6885A /* Walkthrough3.png */,
			);
			name = Walkthrough3.imageset;
			path = Images.xcassets/Walkthrough3.imageset;
			sourceTree = "<group>";
		};
		69715B0E18AD39560039D061 = {
			isa = PBXGroup;
			children = (
				69F95D2418F2184B0011F5DB /* MBProgressHUD */,
				69F95CC618F200B30011F5DB /* Stripe */,
				69715B2218AD39560039D061 /* Mobile */,
				69715B4818AD39570039D061 /* MobileTests */,
				69715B1918AD39560039D061 /* Frameworks */,
				69715B1818AD39560039D061 /* Products */,
				6A546BF48A1243308E94883D /* Pods.xcconfig */,
			);
			sourceTree = "<group>";
		};
		69715B1818AD39560039D061 /* Products */ = {
			isa = PBXGroup;
			children = (
				69715B1718AD39560039D061 /* Shnack.app */,
				69715B4018AD39570039D061 /* ShnackTests.xctest */,
			);
			name = Products;
			sourceTree = "<group>";
		};
		69715B1918AD39560039D061 /* Frameworks */ = {
			isa = PBXGroup;
			children = (
				6999CD531908BC04009BD628 /* libPods.a */,
				6999CD261908BBB2009BD628 /* Pods */,
				69715B1A18AD39560039D061 /* Foundation.framework */,
				69715B1C18AD39560039D061 /* CoreGraphics.framework */,
				69715B1E18AD39560039D061 /* UIKit.framework */,
				69715B2018AD39560039D061 /* CoreData.framework */,
				69715B4118AD39570039D061 /* XCTest.framework */,
			);
			name = Frameworks;
			sourceTree = "<group>";
		};
		69715B2218AD39560039D061 /* Mobile */ = {
			isa = PBXGroup;
			children = (
				69D7537F1995D8EE00CAD378 /* CWPopup */,
				695E27C7197E2A0600B0CA2D /* Segues */,
				429B5F3118F7A51B005D1A3C /* popdowntable */,
				42E960EF18ED319F00E5A182 /* RESideMenu */,
				69400FC818BC52E400238826 /* Images */,
				6935AD1B18AEA38A007CF28F /* Controllers */,
				6935AD1A18AEA36B007CF28F /* Objects */,
				69715B2B18AD39560039D061 /* AppDelegate.h */,
				69F73C2119739B3300361426 /* NSObject_Constants.h */,
				69715B2C18AD39560039D061 /* AppDelegate.m */,
				69715B2E18AD39560039D061 /* Main.storyboard */,
				6909335119BAE3B5002CD973 /* menu_32.png */,
				69924C0419790B0B0024E683 /* Screen Shot 2014-06-27 at 4.18.55 PM.jpg */,
				6963E23519085F2700C6885A /* stadium.jpeg */,
				69715B5818AD3CB30039D061 /* NSConnectionDelegate.h */,
				69715B5918AD3CB30039D061 /* NSConnectionDelegate.m */,
				6953817B191423E900DD91A2 /* app_logo.png */,
				69D7537B1995D19900CAD378 /* red_background.png */,
				69715B3A18AD39560039D061 /* Images.xcassets */,
				6953817D191429AF00DD91A2 /* launch_image.png */,
				698B41B419098E4A00B532C2 /* logoSmall.png */,
				6963E21F1908481800C6885A /* StartBarBackground.imageset */,
				6963E2231908481800C6885A /* Walkthrough1.imageset */,
				6963E2261908481800C6885A /* Walkthrough2.imageset */,
				6963E2291908481800C6885A /* Walkthrough3.imageset */,
				69715B3118AD39560039D061 /* Mobile.xcdatamodeld */,
				69715B2318AD39560039D061 /* Supporting Files */,
			);
			path = Mobile;
			sourceTree = "<group>";
		};
		69715B2318AD39560039D061 /* Supporting Files */ = {
			isa = PBXGroup;
			children = (
				690AAB2219989C6300AF3794 /* Dosis-SemiBold.otf */,
				690AAB2319989C6300AF3794 /* Dosis-Medium.otf */,
				690AAB2419989C6300AF3794 /* Dosis-Regular.otf */,
				690AAB2519989C6300AF3794 /* Dosis-ExtraLight.otf */,
				690AAB2619989C6300AF3794 /* Dosis-Light.otf */,
				690AAB2719989C6300AF3794 /* Dosis-Bold.otf */,
				690AAB2819989C6300AF3794 /* Dosis-ExtraBold.otf */,
				6999CD571908E398009BD628 /* PoiretOne-Regular.ttf */,
				6999CD551908E37F009BD628 /* Damion-Regular.ttf */,
				69715B2418AD39560039D061 /* Shnack-Info.plist */,
				69715B2518AD39560039D061 /* InfoPlist.strings */,
				69715B2818AD39560039D061 /* main.m */,
				69715B2A18AD39560039D061 /* Shnack-Prefix.pch */,
			);
			name = "Supporting Files";
			sourceTree = "<group>";
		};
		69715B4818AD39570039D061 /* MobileTests */ = {
			isa = PBXGroup;
			children = (
				69715B4E18AD39570039D061 /* MobileTests.m */,
				69715B4918AD39570039D061 /* Supporting Files */,
			);
			path = MobileTests;
			sourceTree = "<group>";
		};
		69715B4918AD39570039D061 /* Supporting Files */ = {
			isa = PBXGroup;
			children = (
				69715B4A18AD39570039D061 /* ShnackTests-Info.plist */,
				69715B4B18AD39570039D061 /* InfoPlist.strings */,
			);
			name = "Supporting Files";
			sourceTree = "<group>";
		};
		6999CD261908BBB2009BD628 /* Pods */ = {
			isa = PBXGroup;
			children = (
				6999CD271908BBB2009BD628 /* BButton */,
				6999CD341908BBB2009BD628 /* BuildHeaders */,
				6999CD391908BBB2009BD628 /* Headers */,
				6999CD3E1908BBB2009BD628 /* Manifest.lock */,
				6999CD3F1908BBB2009BD628 /* Pods-acknowledgements.markdown */,
				6999CD401908BBB2009BD628 /* Pods-acknowledgements.plist */,
				6999CD411908BBB2009BD628 /* Pods-BButton-dummy.m */,
				6999CD421908BBB2009BD628 /* Pods-BButton-prefix.pch */,
				6999CD431908BBB2009BD628 /* Pods-BButton-Private.xcconfig */,
				6999CD441908BBB2009BD628 /* Pods-BButton.xcconfig */,
				6999CD451908BBB2009BD628 /* Pods-dummy.m */,
				6999CD461908BBB2009BD628 /* Pods-environment.h */,
				6999CD471908BBB2009BD628 /* Pods-resources.sh */,
				6999CD481908BBB2009BD628 /* Pods.xcconfig */,
				6999CD491908BBB2009BD628 /* Pods.xcodeproj */,
			);
			path = Pods;
			sourceTree = "<group>";
		};
		6999CD271908BBB2009BD628 /* BButton */ = {
			isa = PBXGroup;
			children = (
				6999CD281908BBB2009BD628 /* BButton */,
				6999CD321908BBB2009BD628 /* LICENSE.txt */,
				6999CD331908BBB2009BD628 /* README.md */,
			);
			path = BButton;
			sourceTree = "<group>";
		};
		6999CD281908BBB2009BD628 /* BButton */ = {
			isa = PBXGroup;
			children = (
				6999CD291908BBB2009BD628 /* Classes */,
				6999CD301908BBB2009BD628 /* resources */,
			);
			path = BButton;
			sourceTree = "<group>";
		};
		6999CD291908BBB2009BD628 /* Classes */ = {
			isa = PBXGroup;
			children = (
				6999CD2A1908BBB2009BD628 /* BButton.h */,
				6999CD2B1908BBB2009BD628 /* BButton.m */,
				6999CD2C1908BBB2009BD628 /* NSString+FontAwesome.h */,
				6999CD2D1908BBB2009BD628 /* NSString+FontAwesome.m */,
				6999CD2E1908BBB2009BD628 /* UIColor+BButton.h */,
				6999CD2F1908BBB2009BD628 /* UIColor+BButton.m */,
			);
			path = Classes;
			sourceTree = "<group>";
		};
		6999CD301908BBB2009BD628 /* resources */ = {
			isa = PBXGroup;
			children = (
				6999CD311908BBB2009BD628 /* FontAwesome.ttf */,
			);
			path = resources;
			sourceTree = "<group>";
		};
		6999CD341908BBB2009BD628 /* BuildHeaders */ = {
			isa = PBXGroup;
			children = (
				6999CD351908BBB2009BD628 /* BButton */,
			);
			path = BuildHeaders;
			sourceTree = "<group>";
		};
		6999CD351908BBB2009BD628 /* BButton */ = {
			isa = PBXGroup;
			children = (
				6999CD361908BBB2009BD628 /* BButton.h */,
				6999CD371908BBB2009BD628 /* NSString+FontAwesome.h */,
				6999CD381908BBB2009BD628 /* UIColor+BButton.h */,
			);
			path = BButton;
			sourceTree = "<group>";
		};
		6999CD391908BBB2009BD628 /* Headers */ = {
			isa = PBXGroup;
			children = (
				6999CD3A1908BBB2009BD628 /* BButton */,
			);
			path = Headers;
			sourceTree = "<group>";
		};
		6999CD3A1908BBB2009BD628 /* BButton */ = {
			isa = PBXGroup;
			children = (
				6999CD3B1908BBB2009BD628 /* BButton.h */,
				6999CD3C1908BBB2009BD628 /* NSString+FontAwesome.h */,
				6999CD3D1908BBB2009BD628 /* UIColor+BButton.h */,
			);
			path = BButton;
			sourceTree = "<group>";
		};
		6999CD4A1908BBB2009BD628 /* Products */ = {
			isa = PBXGroup;
			children = (
				6999CD4F1908BBB2009BD628 /* libPods.a */,
				6999CD511908BBB2009BD628 /* libPods-BButton.a */,
			);
			name = Products;
			sourceTree = "<group>";
		};
		69C85C8719AEFC5900D11B80 /* Login Controllers */ = {
			isa = PBXGroup;
			children = (
				69F3199619368DC400C501D5 /* LoginContainerViewController.h */,
				69F3199719368DC400C501D5 /* LoginContainerViewController.m */,
				6963E21C1908472800C6885A /* LoginViewController.h */,
				6963E21D1908472800C6885A /* LoginViewController.m */,
			);
			name = "Login Controllers";
			sourceTree = "<group>";
		};
		69D7537F1995D8EE00CAD378 /* CWPopup */ = {
			isa = PBXGroup;
			children = (
				69D753801995D8EF00CAD378 /* UIViewController+CWPopup.h */,
				69D753811995D8EF00CAD378 /* UIViewController+CWPopup.m */,
			);
			name = CWPopup;
			path = ../CWPopup;
			sourceTree = "<group>";
		};
		69F95CC618F200B30011F5DB /* Stripe */ = {
			isa = PBXGroup;
			children = (
				69F95CC718F200B30011F5DB /* STPCard.h */,
				69F95CC818F200B30011F5DB /* STPCard.m */,
				69F95CC918F200B30011F5DB /* STPToken.h */,
				69F95CCA18F200B30011F5DB /* STPToken.m */,
				69F95CCB18F200B30011F5DB /* STPView.h */,
				69F95CCC18F200B30011F5DB /* STPView.m */,
				69F95CCD18F200B30011F5DB /* Stripe-Prefix.pch */,
				69F95CCE18F200B30011F5DB /* Stripe.h */,
				69F95CCF18F200B30011F5DB /* Stripe.m */,
				69F95CD018F200B30011F5DB /* StripeError.h */,
				69F95CD118F200B30011F5DB /* StripeError.m */,
				69F95CD218F200B30011F5DB /* Vendor */,
			);
			path = Stripe;
			sourceTree = "<group>";
		};
		69F95CD218F200B30011F5DB /* Vendor */ = {
			isa = PBXGroup;
			children = (
				69F95CD318F200B30011F5DB /* PaymentKit */,
			);
			path = Vendor;
			sourceTree = "<group>";
		};
		69F95CD318F200B30011F5DB /* PaymentKit */ = {
			isa = PBXGroup;
			children = (
				69F95CD418F200B30011F5DB /* PKAddressZip.h */,
				69F95CD518F200B30011F5DB /* PKAddressZip.m */,
				69F95CD618F200B30011F5DB /* PKCard.h */,
				69F95CD718F200B30011F5DB /* PKCard.m */,
				69F95CD818F200B30011F5DB /* PKCardCVC.h */,
				69F95CD918F200B30011F5DB /* PKCardCVC.m */,
				69F95CDA18F200B30011F5DB /* PKCardExpiry.h */,
				69F95CDB18F200B30011F5DB /* PKCardExpiry.m */,
				69F95CDC18F200B30011F5DB /* PKCardNumber.h */,
				69F95CDD18F200B30011F5DB /* PKCardNumber.m */,
				69F95CDE18F200B30011F5DB /* PKCardType.h */,
				69F95CDF18F200B30011F5DB /* PKComponent.h */,
				69F95CE018F200B30011F5DB /* PKComponent.m */,
				69F95CE118F200B30011F5DB /* PKTextField.h */,
				69F95CE218F200B30011F5DB /* PKTextField.m */,
				69F95CE318F200B30011F5DB /* PKUSAddressZip.h */,
				69F95CE418F200B30011F5DB /* PKUSAddressZip.m */,
				69F95CE518F200B30011F5DB /* PKView.h */,
				69F95CE618F200B30011F5DB /* PKView.m */,
				69F95CE718F200B30011F5DB /* Resources */,
			);
			path = PaymentKit;
			sourceTree = "<group>";
		};
		69F95CE718F200B30011F5DB /* Resources */ = {
			isa = PBXGroup;
			children = (
				69F95CE818F200B30011F5DB /* Cards */,
				69F95CFB18F200B30011F5DB /* gradient@2x.png */,
				69F95CFC18F200B30011F5DB /* textfield.png */,
				69F95CFD18F200B30011F5DB /* textfield@2x.png */,
			);
			path = Resources;
			sourceTree = "<group>";
		};
		69F95CE818F200B30011F5DB /* Cards */ = {
			isa = PBXGroup;
			children = (
				69F95CE918F200B30011F5DB /* amex.png */,
				69F95CEA18F200B30011F5DB /* amex@2x.png */,
				69F95CEB18F200B30011F5DB /* cvc-amex.png */,
				69F95CEC18F200B30011F5DB /* cvc-amex@2x.png */,
				69F95CED18F200B30011F5DB /* cvc.png */,
				69F95CEE18F200B30011F5DB /* cvc@2x.png */,
				69F95CEF18F200B30011F5DB /* diners.png */,
				69F95CF018F200B30011F5DB /* diners@2x.png */,
				69F95CF118F200B30011F5DB /* discover.png */,
				69F95CF218F200B30011F5DB /* discover@2x.png */,
				69F95CF318F200B30011F5DB /* jcb.png */,
				69F95CF418F200B30011F5DB /* jcb@2x.png */,
				69F95CF518F200B30011F5DB /* mastercard.png */,
				69F95CF618F200B30011F5DB /* mastercard@2x.png */,
				69F95CF718F200B30011F5DB /* placeholder.png */,
				69F95CF818F200B30011F5DB /* placeholder@2x.png */,
				69F95CF918F200B30011F5DB /* visa.png */,
				69F95CFA18F200B30011F5DB /* visa@2x.png */,
			);
			path = Cards;
			sourceTree = "<group>";
		};
		69F95D2418F2184B0011F5DB /* MBProgressHUD */ = {
			isa = PBXGroup;
			children = (
				69F95D2518F2184B0011F5DB /* MBProgressHUD.h */,
				69F95D2618F2184B0011F5DB /* MBProgressHUD.m */,
			);
			path = MBProgressHUD;
			sourceTree = "<group>";
		};
/* End PBXGroup section */

/* Begin PBXNativeTarget section */
		69715B1618AD39560039D061 /* Shnack */ = {
			isa = PBXNativeTarget;
			buildConfigurationList = 69715B5218AD39570039D061 /* Build configuration list for PBXNativeTarget "Shnack" */;
			buildPhases = (
				E2F25D2FB90D42F9B8BEDE2D /* Check Pods Manifest.lock */,
				69715B1318AD39560039D061 /* Sources */,
				69715B1418AD39560039D061 /* Frameworks */,
				69715B1518AD39560039D061 /* Resources */,
				BB99DFCEDCBE42E98ADC92DD /* Copy Pods Resources */,
			);
			buildRules = (
			);
			dependencies = (
			);
			name = Shnack;
			productName = Mobile;
			productReference = 69715B1718AD39560039D061 /* Shnack.app */;
			productType = "com.apple.product-type.application";
		};
		69715B3F18AD39570039D061 /* ShnackTests */ = {
			isa = PBXNativeTarget;
			buildConfigurationList = 69715B5518AD39570039D061 /* Build configuration list for PBXNativeTarget "ShnackTests" */;
			buildPhases = (
				69715B3C18AD39570039D061 /* Sources */,
				69715B3D18AD39570039D061 /* Frameworks */,
				69715B3E18AD39570039D061 /* Resources */,
			);
			buildRules = (
			);
			dependencies = (
				69715B4718AD39570039D061 /* PBXTargetDependency */,
			);
			name = ShnackTests;
			productName = MobileTests;
			productReference = 69715B4018AD39570039D061 /* ShnackTests.xctest */;
			productType = "com.apple.product-type.bundle.unit-test";
		};
/* End PBXNativeTarget section */

/* Begin PBXProject section */
		69715B0F18AD39560039D061 /* Project object */ = {
			isa = PBXProject;
			attributes = {
				LastUpgradeCheck = 0510;
				ORGANIZATIONNAME = shnack;
				TargetAttributes = {
					69715B1618AD39560039D061 = {
						DevelopmentTeam = EH58KRK86V;
					};
					69715B3F18AD39570039D061 = {
						TestTargetID = 69715B1618AD39560039D061;
					};
				};
			};
			buildConfigurationList = 69715B1218AD39560039D061 /* Build configuration list for PBXProject "Shnack" */;
			compatibilityVersion = "Xcode 3.2";
			developmentRegion = English;
			hasScannedForEncodings = 0;
			knownRegions = (
				en,
				Base,
			);
			mainGroup = 69715B0E18AD39560039D061;
			productRefGroup = 69715B1818AD39560039D061 /* Products */;
			projectDirPath = "";
			projectReferences = (
				{
					ProductGroup = 6999CD4A1908BBB2009BD628 /* Products */;
					ProjectRef = 6999CD491908BBB2009BD628 /* Pods.xcodeproj */;
				},
			);
			projectRoot = "";
			targets = (
				69715B1618AD39560039D061 /* Shnack */,
				69715B3F18AD39570039D061 /* ShnackTests */,
			);
		};
/* End PBXProject section */

/* Begin PBXReferenceProxy section */
		6999CD4F1908BBB2009BD628 /* libPods.a */ = {
			isa = PBXReferenceProxy;
			fileType = archive.ar;
			path = libPods.a;
			remoteRef = 6999CD4E1908BBB2009BD628 /* PBXContainerItemProxy */;
			sourceTree = BUILT_PRODUCTS_DIR;
		};
		6999CD511908BBB2009BD628 /* libPods-BButton.a */ = {
			isa = PBXReferenceProxy;
			fileType = archive.ar;
			path = "libPods-BButton.a";
			remoteRef = 6999CD501908BBB2009BD628 /* PBXContainerItemProxy */;
			sourceTree = BUILT_PRODUCTS_DIR;
		};
/* End PBXReferenceProxy section */

/* Begin PBXResourcesBuildPhase section */
		69715B1518AD39560039D061 /* Resources */ = {
			isa = PBXResourcesBuildPhase;
			buildActionMask = 2147483647;
			files = (
				690AE029190D76EC0053461B /* Check_mark .png in Resources */,
				69F95D0F18F200B30011F5DB /* cvc-amex@2x.png in Resources */,
				69F95D1F18F200B30011F5DB /* textfield.png in Resources */,
				6999CD581908E398009BD628 /* PoiretOne-Regular.ttf in Resources */,
				42BD1E8F19008D5200FC57E5 /* FooterCheckoutCell.xib in Resources */,
				690AAB2E19989C6300AF3794 /* Dosis-Bold.otf in Resources */,
				6963E22F1908481800C6885A /* Contents.json in Resources */,
				6963E2301908481800C6885A /* Walkthrough1.png in Resources */,
				690AAB2B19989C6300AF3794 /* Dosis-Regular.otf in Resources */,
				690AAB2D19989C6300AF3794 /* Dosis-Light.otf in Resources */,
				69F95D1E18F200B30011F5DB /* gradient@2x.png in Resources */,
				6963E22D1908481800C6885A /* StartBarBackground1X.png in Resources */,
				69F95D1118F200B30011F5DB /* cvc@2x.png in Resources */,
				69F95D0E18F200B30011F5DB /* cvc-amex.png in Resources */,
				690AAB2A19989C6300AF3794 /* Dosis-Medium.otf in Resources */,
				6909335219BAE3B5002CD973 /* menu_32.png in Resources */,
				6953817E191429AF00DD91A2 /* launch_image.png in Resources */,
				690AAB2C19989C6300AF3794 /* Dosis-ExtraLight.otf in Resources */,
				69F95D1318F200B30011F5DB /* diners@2x.png in Resources */,
				690AAB2F19989C6300AF3794 /* Dosis-ExtraBold.otf in Resources */,
				69F95D1418F200B30011F5DB /* discover.png in Resources */,
				6960ABCB191B21CE001DAF8E /* upArrow.png in Resources */,
				69F95D1518F200B30011F5DB /* discover@2x.png in Resources */,
				69F95D1918F200B30011F5DB /* mastercard@2x.png in Resources */,
				69F95D1718F200B30011F5DB /* jcb@2x.png in Resources */,
				691E66E018F3E2FB00F67683 /* paperplane.svg in Resources */,
				69F95D1818F200B30011F5DB /* mastercard.png in Resources */,
				69F95D1D18F200B30011F5DB /* visa@2x.png in Resources */,
				69F95D1618F200B30011F5DB /* jcb.png in Resources */,
				6953817C191423E900DD91A2 /* app_logo.png in Resources */,
				69F95D1B18F200B30011F5DB /* placeholder@2x.png in Resources */,
				6963E2321908481800C6885A /* Walkthrough2.png in Resources */,
				6963E2331908481800C6885A /* Contents.json in Resources */,
				6999CD561908E37F009BD628 /* Damion-Regular.ttf in Resources */,
				69F95D1A18F200B30011F5DB /* placeholder.png in Resources */,
				690AAB2919989C6300AF3794 /* Dosis-SemiBold.otf in Resources */,
				6963E2311908481800C6885A /* Contents.json in Resources */,
				69D7537C1995D19900CAD378 /* red_background.png in Resources */,
				6963E22E1908481800C6885A /* StartBarBackground2X.png in Resources */,
				69924C0519790B0B0024E683 /* Screen Shot 2014-06-27 at 4.18.55 PM.jpg in Resources */,
				69F95D1218F200B30011F5DB /* diners.png in Resources */,
				69E0F09318BC5977008C1543 /* logo.png in Resources */,
				69242D0B1996858D0067DFA5 /* CartPopViewController.xib in Resources */,
				69F95D1018F200B30011F5DB /* cvc.png in Resources */,
				69F95D0D18F200B30011F5DB /* amex@2x.png in Resources */,
				69F95D2018F200B30011F5DB /* textfield@2x.png in Resources */,
				69F95D0C18F200B30011F5DB /* amex.png in Resources */,
				6963E2341908481800C6885A /* Walkthrough3.png in Resources */,
				69F95D1C18F200B30011F5DB /* visa.png in Resources */,
				698B41B519098E4A00B532C2 /* logoSmall.png in Resources */,
				6963E23619085F2700C6885A /* stadium.jpeg in Resources */,
				69F3199C1936A3BB00C501D5 /* navBar.png in Resources */,
				69715B3B18AD39560039D061 /* Images.xcassets in Resources */,
				69715B2718AD39560039D061 /* InfoPlist.strings in Resources */,
				69715B3018AD39560039D061 /* Main.storyboard in Resources */,
				6963E22C1908481800C6885A /* Contents.json in Resources */,
			);
			runOnlyForDeploymentPostprocessing = 0;
		};
		69715B3E18AD39570039D061 /* Resources */ = {
			isa = PBXResourcesBuildPhase;
			buildActionMask = 2147483647;
			files = (
				69715B4D18AD39570039D061 /* InfoPlist.strings in Resources */,
			);
			runOnlyForDeploymentPostprocessing = 0;
		};
/* End PBXResourcesBuildPhase section */

/* Begin PBXShellScriptBuildPhase section */
		BB99DFCEDCBE42E98ADC92DD /* Copy Pods Resources */ = {
			isa = PBXShellScriptBuildPhase;
			buildActionMask = 2147483647;
			files = (
			);
			inputPaths = (
			);
			name = "Copy Pods Resources";
			outputPaths = (
			);
			runOnlyForDeploymentPostprocessing = 0;
			shellPath = /bin/sh;
			shellScript = "\"${SRCROOT}/Pods/Pods-resources.sh\"\n";
			showEnvVarsInLog = 0;
		};
		E2F25D2FB90D42F9B8BEDE2D /* Check Pods Manifest.lock */ = {
			isa = PBXShellScriptBuildPhase;
			buildActionMask = 2147483647;
			files = (
			);
			inputPaths = (
			);
			name = "Check Pods Manifest.lock";
			outputPaths = (
			);
			runOnlyForDeploymentPostprocessing = 0;
			shellPath = /bin/sh;
			shellScript = "diff \"${PODS_ROOT}/../Podfile.lock\" \"${PODS_ROOT}/Manifest.lock\" > /dev/null\nif [[ $? != 0 ]] ; then\n    cat << EOM\nerror: The sandbox is not in sync with the Podfile.lock. Run 'pod install' or update your CocoaPods installation.\nEOM\n    exit 1\nfi\n";
			showEnvVarsInLog = 0;
		};
/* End PBXShellScriptBuildPhase section */

/* Begin PBXSourcesBuildPhase section */
		69715B1318AD39560039D061 /* Sources */ = {
			isa = PBXSourcesBuildPhase;
			buildActionMask = 2147483647;
			files = (
				42E0470D190741F500890447 /* ShnackMyOrderViewController.m in Sources */,
				695E27D0197E3CBD00B0CA2D /* SignUpPaymentInfoViewController.m in Sources */,
				69F95D0A18F200B30011F5DB /* PKUSAddressZip.m in Sources */,
				69400FBB18BBE6C000238826 /* ShnackOrderTotalCell.m in Sources */,
				69F95D0818F200B30011F5DB /* PKComponent.m in Sources */,
				42E04719190813A800890447 /* POPDTableView.m in Sources */,
				69715B5A18AD3CB30039D061 /* NSConnectionDelegate.m in Sources */,
				42E9611218ED494100E5A182 /* RootViewController.m in Sources */,
				69F95D2718F2184B0011F5DB /* MBProgressHUD.m in Sources */,
				69F95D0518F200B30011F5DB /* PKCardCVC.m in Sources */,
				693A942119B60C7A0069A2D4 /* ShnackNavController.m in Sources */,
				69F95D0718F200B30011F5DB /* PKCardNumber.m in Sources */,
				69F73C261973BAAF00361426 /* SignUpContainerViewController.m in Sources */,
				69715B3618AD39560039D061 /* LocationsViewController.m in Sources */,
				69715B2D18AD39560039D061 /* AppDelegate.m in Sources */,
				691E66DB18F3D5C200F67683 /* TutorialContentViewController.m in Sources */,
				695E27C3197E195B00B0CA2D /* SignUpProfileViewController.m in Sources */,
				695E27CD197E325700B0CA2D /* SignUpNavController.m in Sources */,
				69F95D0318F200B30011F5DB /* PKAddressZip.m in Sources */,
				69FF4C8A19B57FFB0032A0BE /* SideMenuViewController.m in Sources */,
				69F95D0018F200B30011F5DB /* STPView.m in Sources */,
				69F3199819368DC400C501D5 /* LoginContainerViewController.m in Sources */,
				42E0470719061DC200890447 /* ShnackMenuViewController.m in Sources */,
				69400FBF18BBEBC400238826 /* ObjectWithNameAndID.m in Sources */,
				6963E21E1908472800C6885A /* LoginViewController.m in Sources */,
				696A45601983338F0080CB57 /* ReceiptViewController.m in Sources */,
				42E9611A18F14B2000E5A182 /* RECommonFunctions.m in Sources */,
				42E0470A1906607400890447 /* ShnackOrderCategoryCell.m in Sources */,
				69400FBC18BBE6C000238826 /* ShnackOrderItemCell.m in Sources */,
				69D753821995D8EF00CAD378 /* UIViewController+CWPopup.m in Sources */,
				6977B4B718FD044E00A51871 /* POPDTableViewController.m in Sources */,
				69393754191F13E00061839C /* MainPageViewController.m in Sources */,
				69242D0A1996858D0067DFA5 /* CartPopViewController.m in Sources */,
				6963E21B190846FA00C6885A /* SignUpViewController.m in Sources */,
				69F95CFE18F200B30011F5DB /* STPCard.m in Sources */,
				42E9611B18F14B2000E5A182 /* RESideMenu.m in Sources */,
				69F95D0918F200B30011F5DB /* PKTextField.m in Sources */,
				695E27C6197E19A000B0CA2D /* ProfileContainerViewController.m in Sources */,
				69400FB518BBE68000238826 /* Item.m in Sources */,
				69715B3318AD39560039D061 /* Mobile.xcdatamodeld in Sources */,
				42E9611118ED494100E5A182 /* RightMenuViewController.m in Sources */,
				42E9611318ED494100E5A182 /* SecondViewController.m in Sources */,
				69F95D0118F200B30011F5DB /* Stripe.m in Sources */,
				69F95D0418F200B30011F5DB /* PKCard.m in Sources */,
				69F95D0B18F200B30011F5DB /* PKView.m in Sources */,
				69715B2918AD39560039D061 /* main.m in Sources */,
				429B5F3F18F7A51B005D1A3C /* POPDCell.m in Sources */,
				69F95D0618F200B30011F5DB /* PKCardExpiry.m in Sources */,
				691E66DE18F3DAD900F67683 /* InitialViewController.m in Sources */,
				69F95CFF18F200B30011F5DB /* STPToken.m in Sources */,
				42E9611018ED494100E5A182 /* LeftMenuViewController.m in Sources */,
				69F95D0218F200B30011F5DB /* StripeError.m in Sources */,
				695E27CA197E2A3200B0CA2D /* DismissSegue.m in Sources */,
				42E9611C18F14B2000E5A182 /* UIViewController+RESideMenu.m in Sources */,
			);
			runOnlyForDeploymentPostprocessing = 0;
		};
		69715B3C18AD39570039D061 /* Sources */ = {
			isa = PBXSourcesBuildPhase;
			buildActionMask = 2147483647;
			files = (
				69715B4F18AD39570039D061 /* MobileTests.m in Sources */,
			);
			runOnlyForDeploymentPostprocessing = 0;
		};
/* End PBXSourcesBuildPhase section */

/* Begin PBXTargetDependency section */
		69715B4718AD39570039D061 /* PBXTargetDependency */ = {
			isa = PBXTargetDependency;
			target = 69715B1618AD39560039D061 /* Shnack */;
			targetProxy = 69715B4618AD39570039D061 /* PBXContainerItemProxy */;
		};
/* End PBXTargetDependency section */

/* Begin PBXVariantGroup section */
		69715B2518AD39560039D061 /* InfoPlist.strings */ = {
			isa = PBXVariantGroup;
			children = (
				69715B2618AD39560039D061 /* en */,
			);
			name = InfoPlist.strings;
			sourceTree = "<group>";
		};
		69715B2E18AD39560039D061 /* Main.storyboard */ = {
			isa = PBXVariantGroup;
			children = (
				69715B2F18AD39560039D061 /* Base */,
			);
			name = Main.storyboard;
			sourceTree = "<group>";
		};
		69715B4B18AD39570039D061 /* InfoPlist.strings */ = {
			isa = PBXVariantGroup;
			children = (
				69715B4C18AD39570039D061 /* en */,
			);
			name = InfoPlist.strings;
			sourceTree = "<group>";
		};
/* End PBXVariantGroup section */

/* Begin XCBuildConfiguration section */
		69715B5018AD39570039D061 /* Debug */ = {
			isa = XCBuildConfiguration;
			buildSettings = {
				ALWAYS_SEARCH_USER_PATHS = NO;
				CLANG_CXX_LANGUAGE_STANDARD = "gnu++0x";
				CLANG_CXX_LIBRARY = "libc++";
				CLANG_ENABLE_MODULES = YES;
				CLANG_ENABLE_OBJC_ARC = YES;
				CLANG_WARN_BOOL_CONVERSION = YES;
				CLANG_WARN_CONSTANT_CONVERSION = YES;
				CLANG_WARN_DIRECT_OBJC_ISA_USAGE = YES_ERROR;
				CLANG_WARN_EMPTY_BODY = YES;
				CLANG_WARN_ENUM_CONVERSION = YES;
				CLANG_WARN_INT_CONVERSION = YES;
				CLANG_WARN_OBJC_ROOT_CLASS = YES_ERROR;
				CLANG_WARN__DUPLICATE_METHOD_MATCH = YES;
				"CODE_SIGN_IDENTITY[sdk=iphoneos*]" = "iPhone Developer";
				COPY_PHASE_STRIP = NO;
				GCC_C_LANGUAGE_STANDARD = gnu99;
				GCC_DYNAMIC_NO_PIC = NO;
				GCC_OPTIMIZATION_LEVEL = 0;
				GCC_PREPROCESSOR_DEFINITIONS = (
					"DEBUG=1",
					"$(inherited)",
				);
				GCC_SYMBOLS_PRIVATE_EXTERN = NO;
				GCC_WARN_64_TO_32_BIT_CONVERSION = YES;
				GCC_WARN_ABOUT_RETURN_TYPE = YES_ERROR;
				GCC_WARN_UNDECLARED_SELECTOR = YES;
				GCC_WARN_UNINITIALIZED_AUTOS = YES;
				GCC_WARN_UNUSED_FUNCTION = YES;
				GCC_WARN_UNUSED_VARIABLE = YES;
				IPHONEOS_DEPLOYMENT_TARGET = 7.0;
				ONLY_ACTIVE_ARCH = YES;
				SDKROOT = iphoneos;
			};
			name = Debug;
		};
		69715B5118AD39570039D061 /* Release */ = {
			isa = XCBuildConfiguration;
			buildSettings = {
				ALWAYS_SEARCH_USER_PATHS = NO;
				CLANG_CXX_LANGUAGE_STANDARD = "gnu++0x";
				CLANG_CXX_LIBRARY = "libc++";
				CLANG_ENABLE_MODULES = YES;
				CLANG_ENABLE_OBJC_ARC = YES;
				CLANG_WARN_BOOL_CONVERSION = YES;
				CLANG_WARN_CONSTANT_CONVERSION = YES;
				CLANG_WARN_DIRECT_OBJC_ISA_USAGE = YES_ERROR;
				CLANG_WARN_EMPTY_BODY = YES;
				CLANG_WARN_ENUM_CONVERSION = YES;
				CLANG_WARN_INT_CONVERSION = YES;
				CLANG_WARN_OBJC_ROOT_CLASS = YES_ERROR;
				CLANG_WARN__DUPLICATE_METHOD_MATCH = YES;
				"CODE_SIGN_IDENTITY[sdk=iphoneos*]" = "iPhone Developer";
				COPY_PHASE_STRIP = YES;
				ENABLE_NS_ASSERTIONS = NO;
				GCC_C_LANGUAGE_STANDARD = gnu99;
				GCC_WARN_64_TO_32_BIT_CONVERSION = YES;
				GCC_WARN_ABOUT_RETURN_TYPE = YES_ERROR;
				GCC_WARN_UNDECLARED_SELECTOR = YES;
				GCC_WARN_UNINITIALIZED_AUTOS = YES;
				GCC_WARN_UNUSED_FUNCTION = YES;
				GCC_WARN_UNUSED_VARIABLE = YES;
				IPHONEOS_DEPLOYMENT_TARGET = 7.0;
				SDKROOT = iphoneos;
				VALIDATE_PRODUCT = YES;
			};
			name = Release;
		};
		69715B5318AD39570039D061 /* Debug */ = {
			isa = XCBuildConfiguration;
			baseConfigurationReference = 6A546BF48A1243308E94883D /* Pods.xcconfig */;
			buildSettings = {
				ASSETCATALOG_COMPILER_APPICON_NAME = AppIcon;
				ASSETCATALOG_COMPILER_LAUNCHIMAGE_NAME = LaunchImage;
				CODE_SIGN_IDENTITY = "iPhone Developer";
				"CODE_SIGN_IDENTITY[sdk=iphoneos*]" = "iPhone Developer";
				GCC_PRECOMPILE_PREFIX_HEADER = YES;
				GCC_PREFIX_HEADER = "Mobile/Shnack-Prefix.pch";
				INFOPLIST_FILE = "Mobile/Shnack-Info.plist";
				LIBRARY_SEARCH_PATHS = (
					"$(inherited)",
					/Users/spencerneste/Desktop/add,
				);
				PRODUCT_NAME = Shnack;
				PROVISIONING_PROFILE = "";
				WRAPPER_EXTENSION = app;
			};
			name = Debug;
		};
		69715B5418AD39570039D061 /* Release */ = {
			isa = XCBuildConfiguration;
			baseConfigurationReference = 6A546BF48A1243308E94883D /* Pods.xcconfig */;
			buildSettings = {
				ASSETCATALOG_COMPILER_APPICON_NAME = AppIcon;
				ASSETCATALOG_COMPILER_LAUNCHIMAGE_NAME = LaunchImage;
				CODE_SIGN_IDENTITY = "iPhone Developer";
				"CODE_SIGN_IDENTITY[sdk=iphoneos*]" = "iPhone Developer";
				GCC_PRECOMPILE_PREFIX_HEADER = YES;
				GCC_PREFIX_HEADER = "Mobile/Shnack-Prefix.pch";
				INFOPLIST_FILE = "Mobile/Shnack-Info.plist";
				LIBRARY_SEARCH_PATHS = (
					"$(inherited)",
					/Users/spencerneste/Desktop/add,
				);
				PRODUCT_NAME = Shnack;
				PROVISIONING_PROFILE = "";
				WRAPPER_EXTENSION = app;
			};
			name = Release;
		};
		69715B5618AD39570039D061 /* Debug */ = {
			isa = XCBuildConfiguration;
			buildSettings = {
				BUNDLE_LOADER = "$(BUILT_PRODUCTS_DIR)/Mobile.app/Mobile";
				FRAMEWORK_SEARCH_PATHS = (
					"$(SDKROOT)/Developer/Library/Frameworks",
					"$(inherited)",
					"$(DEVELOPER_FRAMEWORKS_DIR)",
				);
				GCC_PRECOMPILE_PREFIX_HEADER = YES;
				GCC_PREFIX_HEADER = "Mobile/Mobile-Prefix.pch";
				GCC_PREPROCESSOR_DEFINITIONS = (
					"DEBUG=1",
					"$(inherited)",
				);
				INFOPLIST_FILE = "MobileTests/ShnackTests-Info.plist";
				PRODUCT_NAME = ShnackTests;
				TEST_HOST = "$(BUNDLE_LOADER)";
				WRAPPER_EXTENSION = xctest;
			};
			name = Debug;
		};
		69715B5718AD39570039D061 /* Release */ = {
			isa = XCBuildConfiguration;
			buildSettings = {
				BUNDLE_LOADER = "$(BUILT_PRODUCTS_DIR)/Mobile.app/Mobile";
				FRAMEWORK_SEARCH_PATHS = (
					"$(SDKROOT)/Developer/Library/Frameworks",
					"$(inherited)",
					"$(DEVELOPER_FRAMEWORKS_DIR)",
				);
				GCC_PRECOMPILE_PREFIX_HEADER = YES;
				GCC_PREFIX_HEADER = "Mobile/Mobile-Prefix.pch";
				INFOPLIST_FILE = "MobileTests/ShnackTests-Info.plist";
				PRODUCT_NAME = ShnackTests;
				TEST_HOST = "$(BUNDLE_LOADER)";
				WRAPPER_EXTENSION = xctest;
			};
			name = Release;
		};
/* End XCBuildConfiguration section */

/* Begin XCConfigurationList section */
		69715B1218AD39560039D061 /* Build configuration list for PBXProject "Shnack" */ = {
			isa = XCConfigurationList;
			buildConfigurations = (
				69715B5018AD39570039D061 /* Debug */,
				69715B5118AD39570039D061 /* Release */,
			);
			defaultConfigurationIsVisible = 0;
			defaultConfigurationName = Release;
		};
		69715B5218AD39570039D061 /* Build configuration list for PBXNativeTarget "Shnack" */ = {
			isa = XCConfigurationList;
			buildConfigurations = (
				69715B5318AD39570039D061 /* Debug */,
				69715B5418AD39570039D061 /* Release */,
			);
			defaultConfigurationIsVisible = 0;
			defaultConfigurationName = Release;
		};
		69715B5518AD39570039D061 /* Build configuration list for PBXNativeTarget "ShnackTests" */ = {
			isa = XCConfigurationList;
			buildConfigurations = (
				69715B5618AD39570039D061 /* Debug */,
				69715B5718AD39570039D061 /* Release */,
			);
			defaultConfigurationIsVisible = 0;
			defaultConfigurationName = Release;
		};
/* End XCConfigurationList section */

/* Begin XCVersionGroup section */
		69715B3118AD39560039D061 /* Mobile.xcdatamodeld */ = {
			isa = XCVersionGroup;
			children = (
				69715B3218AD39560039D061 /* Mobile.xcdatamodel */,
			);
			currentVersion = 69715B3218AD39560039D061 /* Mobile.xcdatamodel */;
			path = Mobile.xcdatamodeld;
			sourceTree = "<group>";
			versionGroupType = wrapper.xcdatamodel;
		};
/* End XCVersionGroup section */
	};
	rootObject = 69715B0F18AD39560039D061 /* Project object */;
}
